// !$*UTF8*$!
{
	archiveVersion = 1;
	classes = {
	};
	objectVersion = 46;
	objects = {

/* Begin PBXBuildFile section */
		49069B0418651731003D003A /* base64.c in Sources */ = {isa = PBXBuildFile; fileRef = 49069AFD18651731003D003A /* base64.c */; };
		49069B0518651731003D003A /* NSData+SRB64Additions.m in Sources */ = {isa = PBXBuildFile; fileRef = 49069B0018651731003D003A /* NSData+SRB64Additions.m */; };
		49069B0618651731003D003A /* SRWebSocket.m in Sources */ = {isa = PBXBuildFile; fileRef = 49069B0318651731003D003A /* SRWebSocket.m */; };
		49069B0818651762003D003A /* Security.framework in Frameworks */ = {isa = PBXBuildFile; fileRef = 49069B0718651762003D003A /* Security.framework */; };
		49069B0A1865176A003D003A /* CFNetwork.framework in Frameworks */ = {isa = PBXBuildFile; fileRef = 49069B091865176A003D003A /* CFNetwork.framework */; };
		49069B0C18651775003D003A /* libicucore.dylib in Frameworks */ = {isa = PBXBuildFile; fileRef = 49069B0B18651775003D003A /* libicucore.dylib */; };
		49069B2018651FFA003D003A /* FZZSocketIODelegate.m in Sources */ = {isa = PBXBuildFile; fileRef = 49069B1F18651FFA003D003A /* FZZSocketIODelegate.m */; };
		49069B7C18661555003D003A /* SBJson4StreamWriterState.m in Sources */ = {isa = PBXBuildFile; fileRef = 49069B6E18661555003D003A /* SBJson4StreamWriterState.m */; };
		49069B7D18661555003D003A /* SBJson4StreamWriter.m in Sources */ = {isa = PBXBuildFile; fileRef = 49069B7218661555003D003A /* SBJson4StreamWriter.m */; };
		49069B7E18661555003D003A /* SBJson4StreamParser.m in Sources */ = {isa = PBXBuildFile; fileRef = 49069B7518661555003D003A /* SBJson4StreamParser.m */; };
		49069B7F18661555003D003A /* SBJson4Parser.m in Sources */ = {isa = PBXBuildFile; fileRef = 49069B7618661555003D003A /* SBJson4Parser.m */; };
		49069B8018661555003D003A /* SBJson4Writer.m in Sources */ = {isa = PBXBuildFile; fileRef = 49069B7718661555003D003A /* SBJson4Writer.m */; };
		49069B8118661555003D003A /* SBJson4StreamParserState.m in Sources */ = {isa = PBXBuildFile; fileRef = 49069B7918661555003D003A /* SBJson4StreamParserState.m */; };
		49069B8218661555003D003A /* SBJson4StreamTokeniser.m in Sources */ = {isa = PBXBuildFile; fileRef = 49069B7A18661555003D003A /* SBJson4StreamTokeniser.m */; };
		49164A8A19E2033000913A66 /* FZZContactSelectionDelegate.m in Sources */ = {isa = PBXBuildFile; fileRef = 49164A8919E2033000913A66 /* FZZContactSelectionDelegate.m */; };
		49191D7619D5D9330009D290 /* FZZAttendingButton.m in Sources */ = {isa = PBXBuildFile; fileRef = 49191D7519D5D9330009D290 /* FZZAttendingButton.m */; };
		4921FD3C1943C8400086266E /* FZZBounceTableView.m in Sources */ = {isa = PBXBuildFile; fileRef = 4921FD3B1943C8400086266E /* FZZBounceTableView.m */; };
		4922702118CA1CA600816AD4 /* FZZEventsViewController.m in Sources */ = {isa = PBXBuildFile; fileRef = 4922702018CA1CA600816AD4 /* FZZEventsViewController.m */; };
		4925ED80197DAF1D0024247C /* FZZLocalCache.m in Sources */ = {isa = PBXBuildFile; fileRef = 4925ED7F197DAF1D0024247C /* FZZLocalCache.m */; };
		4925ED83198439B40024247C /* FZZLoginDelegate.m in Sources */ = {isa = PBXBuildFile; fileRef = 4925ED82198439B40024247C /* FZZLoginDelegate.m */; };
		4925ED851984533F0024247C /* FZZInputVerificationCodeViewController.xib in Resources */ = {isa = PBXBuildFile; fileRef = 4925ED841984533F0024247C /* FZZInputVerificationCodeViewController.xib */; };
		4925ED88198466BF0024247C /* FZZAjaxPostDelegate.m in Sources */ = {isa = PBXBuildFile; fileRef = 4925ED87198466BF0024247C /* FZZAjaxPostDelegate.m */; };
		492E5D79192EE6BB00359F11 /* libc++.dylib in Frameworks */ = {isa = PBXBuildFile; fileRef = 492E5D78192EE6BB00359F11 /* libc++.dylib */; };
		492E5D8019327E5800359F11 /* FZZExpandedEventCell.m in Sources */ = {isa = PBXBuildFile; fileRef = 492E5D7F19327E5800359F11 /* FZZExpandedEventCell.m */; };
		493A80B3199D0C6F004DE319 /* FZZGuestListTableViewCell.m in Sources */ = {isa = PBXBuildFile; fileRef = 493A80B2199D0C6F004DE319 /* FZZGuestListTableViewCell.m */; };
		493B07401987FC4600EC61E4 /* FZZUtilities.m in Sources */ = {isa = PBXBuildFile; fileRef = 493B073F1987FC4600EC61E4 /* FZZUtilities.m */; };
		493B074719897ED400EC61E4 /* FZZKeyboardNotificationCenter.m in Sources */ = {isa = PBXBuildFile; fileRef = 493B074619897ED400EC61E4 /* FZZKeyboardNotificationCenter.m */; };
		493B074B19898F0600EC61E4 /* FZZChatScreenCell.m in Sources */ = {isa = PBXBuildFile; fileRef = 493B074A19898F0600EC61E4 /* FZZChatScreenCell.m */; };
		493B074E19898F3D00EC61E4 /* FZZChatScreenTableViewController.m in Sources */ = {isa = PBXBuildFile; fileRef = 493B074D19898F3D00EC61E4 /* FZZChatScreenTableViewController.m */; };
		493B075119898F6900EC61E4 /* FZZEventMainCell.m in Sources */ = {isa = PBXBuildFile; fileRef = 493B075019898F6900EC61E4 /* FZZEventMainCell.m */; };
		493B075819898FC500EC61E4 /* FZZGuestListScreenTableViewController.m in Sources */ = {isa = PBXBuildFile; fileRef = 493B075719898FC500EC61E4 /* FZZGuestListScreenTableViewController.m */; };
		4950411C1984826F002DE44C /* FZZInputVerificationCodeViewController.m in Sources */ = {isa = PBXBuildFile; fileRef = 4950411B1984826F002DE44C /* FZZInputVerificationCodeViewController.m */; };
		49504139198593B1002DE44C /* SocketIO.m in Sources */ = {isa = PBXBuildFile; fileRef = 4950412F198593B1002DE44C /* SocketIO.m */; };
		4950413A198593B1002DE44C /* SocketIOJSONSerialization.m in Sources */ = {isa = PBXBuildFile; fileRef = 49504131198593B1002DE44C /* SocketIOJSONSerialization.m */; };
		4950413B198593B1002DE44C /* SocketIOPacket.m in Sources */ = {isa = PBXBuildFile; fileRef = 49504133198593B1002DE44C /* SocketIOPacket.m */; };
		4950413C198593B1002DE44C /* SocketIOTransportWebsocket.m in Sources */ = {isa = PBXBuildFile; fileRef = 49504136198593B1002DE44C /* SocketIOTransportWebsocket.m */; };
		4950413D198593B1002DE44C /* SocketIOTransportXHR.m in Sources */ = {isa = PBXBuildFile; fileRef = 49504138198593B1002DE44C /* SocketIOTransportXHR.m */; };
		495041401986F292002DE44C /* FZZLocationManager.m in Sources */ = {isa = PBXBuildFile; fileRef = 4950413F1986F292002DE44C /* FZZLocationManager.m */; };
		4950F8AE18D0E41900E6D798 /* libz.dylib in Frameworks */ = {isa = PBXBuildFile; fileRef = 49E983E9186A5C7900D37B2A /* libz.dylib */; };
		4954FB0118D3AAA40083D07F /* FZZInputPhoneViewController.m in Sources */ = {isa = PBXBuildFile; fileRef = 4954FAFF18D3AAA40083D07F /* FZZInputPhoneViewController.m */; };
		4954FB0218D3AAA40083D07F /* FZZInputPhoneViewController.xib in Resources */ = {isa = PBXBuildFile; fileRef = 4954FB0018D3AAA40083D07F /* FZZInputPhoneViewController.xib */; };
		4954FB0818D3AB800083D07F /* PhoneNumberFormatter.m in Sources */ = {isa = PBXBuildFile; fileRef = 4954FB0718D3AB800083D07F /* PhoneNumberFormatter.m */; };
		4954FB0B18D4BD280083D07F /* FZZExpandedNewEventCell.m in Sources */ = {isa = PBXBuildFile; fileRef = 4954FB0A18D4BD280083D07F /* FZZExpandedNewEventCell.m */; };
		4954FB1D18D4F0A30083D07F /* FZZInviteCell.xib in Resources */ = {isa = PBXBuildFile; fileRef = 4954FB1C18D4F0A30083D07F /* FZZInviteCell.xib */; };
		4954FB2018D4F1010083D07F /* FZZInviteCell.m in Sources */ = {isa = PBXBuildFile; fileRef = 4954FB1F18D4F1010083D07F /* FZZInviteCell.m */; };
		495E9D28187BAF98008F7CC7 /* FZZSpeechBubble.m in Sources */ = {isa = PBXBuildFile; fileRef = 495E9D27187BAF98008F7CC7 /* FZZSpeechBubble.m */; };
		496C790519AE55870052C3C4 /* FZZInputPhoneTableViewCell.xib in Resources */ = {isa = PBXBuildFile; fileRef = 496C790419AE55870052C3C4 /* FZZInputPhoneTableViewCell.xib */; };
		496C790819AE5B4F0052C3C4 /* FZZInputPhoneTableViewCell.m in Sources */ = {isa = PBXBuildFile; fileRef = 496C790719AE5B4F0052C3C4 /* FZZInputPhoneTableViewCell.m */; };
		496C790B19AE5DD60052C3C4 /* FZZInputPhoneTableViewController.m in Sources */ = {isa = PBXBuildFile; fileRef = 496C790A19AE5DD60052C3C4 /* FZZInputPhoneTableViewController.m */; };
		496C790E19B0E6400052C3C4 /* FZZUnderlinedTextField.m in Sources */ = {isa = PBXBuildFile; fileRef = 496C790D19B0E6400052C3C4 /* FZZUnderlinedTextField.m */; };
		496C791719B15DA10052C3C4 /* FZZPinTextField.m in Sources */ = {isa = PBXBuildFile; fileRef = 496C791619B15DA10052C3C4 /* FZZPinTextField.m */; };
		496C791A19B15FE70052C3C4 /* FZZPinNumberLabel.m in Sources */ = {isa = PBXBuildFile; fileRef = 496C791919B15FE70052C3C4 /* FZZPinNumberLabel.m */; };
		496C791E19B2297F0052C3C4 /* FZZPinDotView.m in Sources */ = {isa = PBXBuildFile; fileRef = 496C791D19B2297F0052C3C4 /* FZZPinDotView.m */; };
		497F349518E07F1200B70FD4 /* FZZInviteGuestButton.m in Sources */ = {isa = PBXBuildFile; fileRef = 497F349418E07F1200B70FD4 /* FZZInviteGuestButton.m */; };
		4994FCF71929D23900BD2FB8 /* FZZCoordinate.m in Sources */ = {isa = PBXBuildFile; fileRef = 4994FCF61929D23900BD2FB8 /* FZZCoordinate.m */; };
		4994FCFD1929D2C000BD2FB8 /* FZZEvent.m in Sources */ = {isa = PBXBuildFile; fileRef = 4994FCFC1929D2C000BD2FB8 /* FZZEvent.m */; };
		4994FD001929D2D800BD2FB8 /* FZZMessage.m in Sources */ = {isa = PBXBuildFile; fileRef = 4994FCFF1929D2D800BD2FB8 /* FZZMessage.m */; };
		4994FD031929D2EE00BD2FB8 /* FZZUser.m in Sources */ = {isa = PBXBuildFile; fileRef = 4994FD021929D2EE00BD2FB8 /* FZZUser.m */; };
		49958A601932B64400C8F6E1 /* FZZExpandedVerticalTableViewController.m in Sources */ = {isa = PBXBuildFile; fileRef = 49958A5F1932B64400C8F6E1 /* FZZExpandedVerticalTableViewController.m */; };
		49960E411A1DB61700BB557F /* libTestFlight.a in Frameworks */ = {isa = PBXBuildFile; fileRef = 49960E3B1A1DB61700BB557F /* libTestFlight.a */; };
		49960E421A1DB61700BB557F /* README.md in Sources */ = {isa = PBXBuildFile; fileRef = 49960E3C1A1DB61700BB557F /* README.md */; };
		49960E431A1DB61700BB557F /* release_notes.md in Sources */ = {isa = PBXBuildFile; fileRef = 49960E3D1A1DB61700BB557F /* release_notes.md */; };
		499A8E7F18CD336800842EA7 /* FZZUserMessageCell.m in Sources */ = {isa = PBXBuildFile; fileRef = 499A8E7E18CD336800842EA7 /* FZZUserMessageCell.m */; };
		499A8E8118CD337B00842EA7 /* FZZUserMessageCell.xib in Resources */ = {isa = PBXBuildFile; fileRef = 499A8E8018CD337B00842EA7 /* FZZUserMessageCell.xib */; };
		49A31F5C18CF5E3A001214B9 /* FZZEnterMessagePrototypeViewController.m in Sources */ = {isa = PBXBuildFile; fileRef = 49A31F5A18CF5E3A001214B9 /* FZZEnterMessagePrototypeViewController.m */; };
		49A31F5D18CF5E3A001214B9 /* FZZEnterMessagePrototypeViewController.xib in Resources */ = {isa = PBXBuildFile; fileRef = 49A31F5B18CF5E3A001214B9 /* FZZEnterMessagePrototypeViewController.xib */; };
		49A4C51519C5E2B300F5EC1C /* FZZScrollDetector.m in Sources */ = {isa = PBXBuildFile; fileRef = 49A4C51419C5E2B300F5EC1C /* FZZScrollDetector.m */; };
		49AA439018E8FBEC006D6830 /* FZZServerMessageCell.m in Sources */ = {isa = PBXBuildFile; fileRef = 49AA438F18E8FBEC006D6830 /* FZZServerMessageCell.m */; };
		49AA439218E8FBFE006D6830 /* FZZServerMessageCell.xib in Resources */ = {isa = PBXBuildFile; fileRef = 49AA439118E8FBFE006D6830 /* FZZServerMessageCell.xib */; };
		49B1C17818E4C6F2007C5D44 /* AddressBookUI.framework in Frameworks */ = {isa = PBXBuildFile; fileRef = 49B1C17718E4C6F2007C5D44 /* AddressBookUI.framework */; };
		49B1C17B18E4C6F8007C5D44 /* AddressBook.framework in Frameworks */ = {isa = PBXBuildFile; fileRef = 49B1C17A18E4C6F8007C5D44 /* AddressBook.framework */; };
		49B562F91993CF5F008302E5 /* FZZDescriptionScreenTableViewCell.m in Sources */ = {isa = PBXBuildFile; fileRef = 49B562F81993CF5F008302E5 /* FZZDescriptionScreenTableViewCell.m */; };
		49BCC49C192D2FAA0085CE16 /* FZZCluster.m in Sources */ = {isa = PBXBuildFile; fileRef = 49BCC49B192D2FAA0085CE16 /* FZZCluster.m */; };
		49C78988199D2C4F004EA886 /* FZZContactListScreenTableViewCell.m in Sources */ = {isa = PBXBuildFile; fileRef = 49C78987199D2C4F004EA886 /* FZZContactListScreenTableViewCell.m */; };
		49C7898B199D2CD9004EA886 /* FZZContactTableViewCell.m in Sources */ = {isa = PBXBuildFile; fileRef = 49C7898A199D2CD9004EA886 /* FZZContactTableViewCell.m */; };
		49C7898E199D2CF3004EA886 /* FZZContactsTableViewController.m in Sources */ = {isa = PBXBuildFile; fileRef = 49C7898D199D2CF3004EA886 /* FZZContactsTableViewController.m */; };
		49C78994199D9D2B004EA886 /* FZZFadedEdgeTableViewController.m in Sources */ = {isa = PBXBuildFile; fileRef = 49C78993199D9D2B004EA886 /* FZZFadedEdgeTableViewController.m */; };
		49C7899719A2461B004EA886 /* FZZGuestListScreenTableViewCell.m in Sources */ = {isa = PBXBuildFile; fileRef = 49C7899619A2461B004EA886 /* FZZGuestListScreenTableViewCell.m */; };
		49C7899E19A24966004EA886 /* FZZInviteSearchBarView.m in Sources */ = {isa = PBXBuildFile; fileRef = 49C7899D19A24966004EA886 /* FZZInviteSearchBarView.m */; };
		49C789A119A24AD5004EA886 /* FZZCustomPlaceholderTextField.m in Sources */ = {isa = PBXBuildFile; fileRef = 49C789A019A24AD5004EA886 /* FZZCustomPlaceholderTextField.m */; };
		49C789A419A2849B004EA886 /* FZZContactDelegate.m in Sources */ = {isa = PBXBuildFile; fileRef = 49C789A319A2849B004EA886 /* FZZContactDelegate.m */; };
		49C8B1551889F08600400832 /* FZZEventCell.m in Sources */ = {isa = PBXBuildFile; fileRef = 49C8B1541889F08600400832 /* FZZEventCell.m */; };
		49CD064B19BF4D26004E0C71 /* FZZPage.m in Sources */ = {isa = PBXBuildFile; fileRef = 49CD064A19BF4D26004E0C71 /* FZZPage.m */; };
		49D5C9A0186042C2002BB1F0 /* Foundation.framework in Frameworks */ = {isa = PBXBuildFile; fileRef = 49D5C99F186042C2002BB1F0 /* Foundation.framework */; };
		49D5C9A2186042C2002BB1F0 /* CoreGraphics.framework in Frameworks */ = {isa = PBXBuildFile; fileRef = 49D5C9A1186042C2002BB1F0 /* CoreGraphics.framework */; };
		49D5C9A4186042C2002BB1F0 /* UIKit.framework in Frameworks */ = {isa = PBXBuildFile; fileRef = 49D5C9A3186042C2002BB1F0 /* UIKit.framework */; };
		49D5C9AA186042C2002BB1F0 /* InfoPlist.strings in Resources */ = {isa = PBXBuildFile; fileRef = 49D5C9A8186042C2002BB1F0 /* InfoPlist.strings */; };
		49D5C9AC186042C2002BB1F0 /* main.m in Sources */ = {isa = PBXBuildFile; fileRef = 49D5C9AB186042C2002BB1F0 /* main.m */; };
		49D5C9B0186042C2002BB1F0 /* FZZAppDelegate.m in Sources */ = {isa = PBXBuildFile; fileRef = 49D5C9AF186042C2002BB1F0 /* FZZAppDelegate.m */; };
		49D5C9B2186042C2002BB1F0 /* Images.xcassets in Resources */ = {isa = PBXBuildFile; fileRef = 49D5C9B1186042C2002BB1F0 /* Images.xcassets */; };
		49D5C9B9186042C2002BB1F0 /* XCTest.framework in Frameworks */ = {isa = PBXBuildFile; fileRef = 49D5C9B8186042C2002BB1F0 /* XCTest.framework */; };
		49D5C9BA186042C2002BB1F0 /* Foundation.framework in Frameworks */ = {isa = PBXBuildFile; fileRef = 49D5C99F186042C2002BB1F0 /* Foundation.framework */; };
		49D5C9BB186042C2002BB1F0 /* UIKit.framework in Frameworks */ = {isa = PBXBuildFile; fileRef = 49D5C9A3186042C2002BB1F0 /* UIKit.framework */; };
		49D5C9C3186042C2002BB1F0 /* InfoPlist.strings in Resources */ = {isa = PBXBuildFile; fileRef = 49D5C9C1186042C2002BB1F0 /* InfoPlist.strings */; };
		49D5C9C5186042C2002BB1F0 /* FizzTests.m in Sources */ = {isa = PBXBuildFile; fileRef = 49D5C9C4186042C2002BB1F0 /* FizzTests.m */; };
		49D5C9E218604973002BB1F0 /* FZZ_Reachability.m in Sources */ = {isa = PBXBuildFile; fileRef = 49D5C9E118604973002BB1F0 /* FZZ_Reachability.m */; };
		49D5E6D318616A56002BB1F0 /* datakit.js in Resources */ = {isa = PBXBuildFile; fileRef = 49D5E6C918616A56002BB1F0 /* datakit.js */; };
		49D5E6D418616A56002BB1F0 /* package.json in Resources */ = {isa = PBXBuildFile; fileRef = 49D5E6CA18616A56002BB1F0 /* package.json */; };
		49D5E6D518616A56002BB1F0 /* run.js in Resources */ = {isa = PBXBuildFile; fileRef = 49D5E6CB18616A56002BB1F0 /* run.js */; };
		49D5E6D618616A56002BB1F0 /* gen_ssl_cert.sh in Resources */ = {isa = PBXBuildFile; fileRef = 49D5E6CD18616A56002BB1F0 /* gen_ssl_cert.sh */; };
		49E983E4186A5C4D00D37B2A /* CoreLocation.framework in Frameworks */ = {isa = PBXBuildFile; fileRef = 49E983E3186A5C4D00D37B2A /* CoreLocation.framework */; };
		49E983E6186A5C5700D37B2A /* QuartzCore.framework in Frameworks */ = {isa = PBXBuildFile; fileRef = 49E983E5186A5C5700D37B2A /* QuartzCore.framework */; };
		49E983E8186A5C6C00D37B2A /* libsqlite3.dylib in Frameworks */ = {isa = PBXBuildFile; fileRef = 49E983E7186A5C6C00D37B2A /* libsqlite3.dylib */; };
		49E9843B1872685E00D37B2A /* Social.framework in Frameworks */ = {isa = PBXBuildFile; fileRef = 49E9843118723D3300D37B2A /* Social.framework */; };
		49E9843F187268B800D37B2A /* AdSupport.framework in Frameworks */ = {isa = PBXBuildFile; fileRef = 49E9843E187268B800D37B2A /* AdSupport.framework */; };
		49EEEA8A18D8D1E600BDA605 /* FZZPhoneInputCell.xib in Resources */ = {isa = PBXBuildFile; fileRef = 49EEEA8918D8D1E600BDA605 /* FZZPhoneInputCell.xib */; };
		49EEEA8E18D8D37300BDA605 /* FZZPhoneInputCell.m in Sources */ = {isa = PBXBuildFile; fileRef = 49EEEA8D18D8D37300BDA605 /* FZZPhoneInputCell.m */; };
		49EEEA9118D932F000BDA605 /* FZZBackspaceResignTextField.m in Sources */ = {isa = PBXBuildFile; fileRef = 49EEEA9018D932F000BDA605 /* FZZBackspaceResignTextField.m */; };
		49EEEA9718D972FB00BDA605 /* FZZTextViewWithPlaceholder.m in Sources */ = {isa = PBXBuildFile; fileRef = 49EEEA9618D972FB00BDA605 /* FZZTextViewWithPlaceholder.m */; };
		49F524D218E1C3040019C5DF /* FZZOverlayView.m in Sources */ = {isa = PBXBuildFile; fileRef = 49F524D118E1C3040019C5DF /* FZZOverlayView.m */; };
		49F524D518E212840019C5DF /* FZZNavIcon.m in Sources */ = {isa = PBXBuildFile; fileRef = 49F524D418E212840019C5DF /* FZZNavIcon.m */; };
		E9F3EDDBFEE744F3845ACCE1 /* libPods.a in Frameworks */ = {isa = PBXBuildFile; fileRef = 77ABE3261F854F65A5295960 /* libPods.a */; };
/* End PBXBuildFile section */

/* Begin PBXContainerItemProxy section */
		4964C7BB18CBFCD60099E5C6 /* PBXContainerItemProxy */ = {
			isa = PBXContainerItemProxy;
			containerPortal = 49AAFC2B18CBD3260029A07C /* MapView.xcodeproj */;
			proxyType = 2;
			remoteGlobalIDString = 17F31EFA1331050A00122B16;
			remoteInfo = MapView;
		};
		4964C7BD18CBFCD60099E5C6 /* PBXContainerItemProxy */ = {
			isa = PBXContainerItemProxy;
			containerPortal = 49AAFC2B18CBD3260029A07C /* MapView.xcodeproj */;
			proxyType = 2;
			remoteGlobalIDString = DD6A83751644A20C0097F31F;
			remoteInfo = Resources;
		};
		49D5C9BC186042C2002BB1F0 /* PBXContainerItemProxy */ = {
			isa = PBXContainerItemProxy;
			containerPortal = 49D5C994186042C2002BB1F0 /* Project object */;
			proxyType = 1;
			remoteGlobalIDString = 49D5C99B186042C2002BB1F0;
			remoteInfo = Beacon;
		};
/* End PBXContainerItemProxy section */

/* Begin PBXFileReference section */
		49069AFD18651731003D003A /* base64.c */ = {isa = PBXFileReference; fileEncoding = 4; lastKnownFileType = sourcecode.c.c; name = base64.c; path = "SocketRocket-master/SocketRocket/base64.c"; sourceTree = SOURCE_ROOT; };
		49069AFE18651731003D003A /* base64.h */ = {isa = PBXFileReference; fileEncoding = 4; lastKnownFileType = sourcecode.c.h; name = base64.h; path = "SocketRocket-master/SocketRocket/base64.h"; sourceTree = SOURCE_ROOT; };
		49069AFF18651731003D003A /* NSData+SRB64Additions.h */ = {isa = PBXFileReference; fileEncoding = 4; lastKnownFileType = sourcecode.c.h; name = "NSData+SRB64Additions.h"; path = "SocketRocket-master/SocketRocket/NSData+SRB64Additions.h"; sourceTree = SOURCE_ROOT; };
		49069B0018651731003D003A /* NSData+SRB64Additions.m */ = {isa = PBXFileReference; fileEncoding = 4; lastKnownFileType = sourcecode.c.objc; name = "NSData+SRB64Additions.m"; path = "SocketRocket-master/SocketRocket/NSData+SRB64Additions.m"; sourceTree = SOURCE_ROOT; };
		49069B0118651731003D003A /* SocketRocket-Prefix.pch */ = {isa = PBXFileReference; fileEncoding = 4; lastKnownFileType = sourcecode.c.h; name = "SocketRocket-Prefix.pch"; path = "SocketRocket-master/SocketRocket/SocketRocket-Prefix.pch"; sourceTree = SOURCE_ROOT; };
		49069B0218651731003D003A /* SRWebSocket.h */ = {isa = PBXFileReference; fileEncoding = 4; lastKnownFileType = sourcecode.c.h; name = SRWebSocket.h; path = "SocketRocket-master/SocketRocket/SRWebSocket.h"; sourceTree = SOURCE_ROOT; };
		49069B0318651731003D003A /* SRWebSocket.m */ = {isa = PBXFileReference; fileEncoding = 4; lastKnownFileType = sourcecode.c.objc; name = SRWebSocket.m; path = "SocketRocket-master/SocketRocket/SRWebSocket.m"; sourceTree = SOURCE_ROOT; };
		49069B0718651762003D003A /* Security.framework */ = {isa = PBXFileReference; lastKnownFileType = wrapper.framework; name = Security.framework; path = System/Library/Frameworks/Security.framework; sourceTree = SDKROOT; };
		49069B091865176A003D003A /* CFNetwork.framework */ = {isa = PBXFileReference; lastKnownFileType = wrapper.framework; name = CFNetwork.framework; path = System/Library/Frameworks/CFNetwork.framework; sourceTree = SDKROOT; };
		49069B0B18651775003D003A /* libicucore.dylib */ = {isa = PBXFileReference; lastKnownFileType = "compiled.mach-o.dylib"; name = libicucore.dylib; path = usr/lib/libicucore.dylib; sourceTree = SDKROOT; };
		49069B1E18651FFA003D003A /* FZZSocketIODelegate.h */ = {isa = PBXFileReference; fileEncoding = 4; lastKnownFileType = sourcecode.c.h; path = FZZSocketIODelegate.h; sourceTree = "<group>"; };
		49069B1F18651FFA003D003A /* FZZSocketIODelegate.m */ = {isa = PBXFileReference; fileEncoding = 4; lastKnownFileType = sourcecode.c.objc; lineEnding = 0; path = FZZSocketIODelegate.m; sourceTree = "<group>"; xcLanguageSpecificationIdentifier = xcode.lang.objc; };
		49069B6D18661555003D003A /* SBJson4.h */ = {isa = PBXFileReference; fileEncoding = 4; lastKnownFileType = sourcecode.c.h; path = SBJson4.h; sourceTree = "<group>"; };
		49069B6E18661555003D003A /* SBJson4StreamWriterState.m */ = {isa = PBXFileReference; fileEncoding = 4; lastKnownFileType = sourcecode.c.objc; path = SBJson4StreamWriterState.m; sourceTree = "<group>"; };
		49069B6F18661555003D003A /* SBJson4StreamWriterState.h */ = {isa = PBXFileReference; fileEncoding = 4; lastKnownFileType = sourcecode.c.h; path = SBJson4StreamWriterState.h; sourceTree = "<group>"; };
		49069B7018661555003D003A /* SBJson4StreamParserState.h */ = {isa = PBXFileReference; fileEncoding = 4; lastKnownFileType = sourcecode.c.h; path = SBJson4StreamParserState.h; sourceTree = "<group>"; };
		49069B7118661555003D003A /* SBJson4StreamWriter.h */ = {isa = PBXFileReference; fileEncoding = 4; lastKnownFileType = sourcecode.c.h; path = SBJson4StreamWriter.h; sourceTree = "<group>"; };
		49069B7218661555003D003A /* SBJson4StreamWriter.m */ = {isa = PBXFileReference; fileEncoding = 4; lastKnownFileType = sourcecode.c.objc; path = SBJson4StreamWriter.m; sourceTree = "<group>"; };
		49069B7318661555003D003A /* SBJson4StreamParser.h */ = {isa = PBXFileReference; fileEncoding = 4; lastKnownFileType = sourcecode.c.h; path = SBJson4StreamParser.h; sourceTree = "<group>"; };
		49069B7418661555003D003A /* SBJson4Parser.h */ = {isa = PBXFileReference; fileEncoding = 4; lastKnownFileType = sourcecode.c.h; path = SBJson4Parser.h; sourceTree = "<group>"; };
		49069B7518661555003D003A /* SBJson4StreamParser.m */ = {isa = PBXFileReference; fileEncoding = 4; lastKnownFileType = sourcecode.c.objc; path = SBJson4StreamParser.m; sourceTree = "<group>"; };
		49069B7618661555003D003A /* SBJson4Parser.m */ = {isa = PBXFileReference; fileEncoding = 4; lastKnownFileType = sourcecode.c.objc; path = SBJson4Parser.m; sourceTree = "<group>"; };
		49069B7718661555003D003A /* SBJson4Writer.m */ = {isa = PBXFileReference; fileEncoding = 4; lastKnownFileType = sourcecode.c.objc; path = SBJson4Writer.m; sourceTree = "<group>"; };
		49069B7818661555003D003A /* SBJson4Writer.h */ = {isa = PBXFileReference; fileEncoding = 4; lastKnownFileType = sourcecode.c.h; path = SBJson4Writer.h; sourceTree = "<group>"; };
		49069B7918661555003D003A /* SBJson4StreamParserState.m */ = {isa = PBXFileReference; fileEncoding = 4; lastKnownFileType = sourcecode.c.objc; path = SBJson4StreamParserState.m; sourceTree = "<group>"; };
		49069B7A18661555003D003A /* SBJson4StreamTokeniser.m */ = {isa = PBXFileReference; fileEncoding = 4; lastKnownFileType = sourcecode.c.objc; path = SBJson4StreamTokeniser.m; sourceTree = "<group>"; };
		49069B7B18661555003D003A /* SBJson4StreamTokeniser.h */ = {isa = PBXFileReference; fileEncoding = 4; lastKnownFileType = sourcecode.c.h; path = SBJson4StreamTokeniser.h; sourceTree = "<group>"; };
		49164A8819E2033000913A66 /* FZZContactSelectionDelegate.h */ = {isa = PBXFileReference; fileEncoding = 4; lastKnownFileType = sourcecode.c.h; path = FZZContactSelectionDelegate.h; sourceTree = "<group>"; };
		49164A8919E2033000913A66 /* FZZContactSelectionDelegate.m */ = {isa = PBXFileReference; fileEncoding = 4; lastKnownFileType = sourcecode.c.objc; path = FZZContactSelectionDelegate.m; sourceTree = "<group>"; };
		49191D7419D5D9330009D290 /* FZZAttendingButton.h */ = {isa = PBXFileReference; fileEncoding = 4; lastKnownFileType = sourcecode.c.h; path = FZZAttendingButton.h; sourceTree = "<group>"; };
		49191D7519D5D9330009D290 /* FZZAttendingButton.m */ = {isa = PBXFileReference; fileEncoding = 4; lastKnownFileType = sourcecode.c.objc; path = FZZAttendingButton.m; sourceTree = "<group>"; };
		4919DDD9195E86450043A669 /* IAThreadSafeCoreData.framework */ = {isa = PBXFileReference; lastKnownFileType = wrapper.framework; name = IAThreadSafeCoreData.framework; path = "IAThreadSafeCoreData/build/Debug-iphoneos/IAThreadSafeCoreData.framework"; sourceTree = "<group>"; };
		4921FD3A1943C8400086266E /* FZZBounceTableView.h */ = {isa = PBXFileReference; fileEncoding = 4; lastKnownFileType = sourcecode.c.h; path = FZZBounceTableView.h; sourceTree = "<group>"; };
		4921FD3B1943C8400086266E /* FZZBounceTableView.m */ = {isa = PBXFileReference; fileEncoding = 4; lastKnownFileType = sourcecode.c.objc; path = FZZBounceTableView.m; sourceTree = "<group>"; };
		4922701F18CA1CA600816AD4 /* FZZEventsViewController.h */ = {isa = PBXFileReference; fileEncoding = 4; lastKnownFileType = sourcecode.c.h; path = FZZEventsViewController.h; sourceTree = "<group>"; };
		4922702018CA1CA600816AD4 /* FZZEventsViewController.m */ = {isa = PBXFileReference; fileEncoding = 4; lastKnownFileType = sourcecode.c.objc; lineEnding = 0; path = FZZEventsViewController.m; sourceTree = "<group>"; xcLanguageSpecificationIdentifier = xcode.lang.objc; };
		4925ED7E197DAF1D0024247C /* FZZLocalCache.h */ = {isa = PBXFileReference; fileEncoding = 4; lastKnownFileType = sourcecode.c.h; path = FZZLocalCache.h; sourceTree = "<group>"; };
		4925ED7F197DAF1D0024247C /* FZZLocalCache.m */ = {isa = PBXFileReference; fileEncoding = 4; lastKnownFileType = sourcecode.c.objc; path = FZZLocalCache.m; sourceTree = "<group>"; };
		4925ED81198439B40024247C /* FZZLoginDelegate.h */ = {isa = PBXFileReference; fileEncoding = 4; lastKnownFileType = sourcecode.c.h; path = FZZLoginDelegate.h; sourceTree = "<group>"; };
		4925ED82198439B40024247C /* FZZLoginDelegate.m */ = {isa = PBXFileReference; fileEncoding = 4; lastKnownFileType = sourcecode.c.objc; path = FZZLoginDelegate.m; sourceTree = "<group>"; };
		4925ED841984533F0024247C /* FZZInputVerificationCodeViewController.xib */ = {isa = PBXFileReference; fileEncoding = 4; lastKnownFileType = file.xib; path = FZZInputVerificationCodeViewController.xib; sourceTree = "<group>"; };
		4925ED86198466BF0024247C /* FZZAjaxPostDelegate.h */ = {isa = PBXFileReference; fileEncoding = 4; lastKnownFileType = sourcecode.c.h; path = FZZAjaxPostDelegate.h; sourceTree = "<group>"; };
		4925ED87198466BF0024247C /* FZZAjaxPostDelegate.m */ = {isa = PBXFileReference; fileEncoding = 4; lastKnownFileType = sourcecode.c.objc; path = FZZAjaxPostDelegate.m; sourceTree = "<group>"; };
		492E5D78192EE6BB00359F11 /* libc++.dylib */ = {isa = PBXFileReference; lastKnownFileType = "compiled.mach-o.dylib"; name = "libc++.dylib"; path = "usr/lib/libc++.dylib"; sourceTree = SDKROOT; };
		492E5D7E19327E5800359F11 /* FZZExpandedEventCell.h */ = {isa = PBXFileReference; fileEncoding = 4; lastKnownFileType = sourcecode.c.h; path = FZZExpandedEventCell.h; sourceTree = "<group>"; };
		492E5D7F19327E5800359F11 /* FZZExpandedEventCell.m */ = {isa = PBXFileReference; fileEncoding = 4; lastKnownFileType = sourcecode.c.objc; lineEnding = 0; path = FZZExpandedEventCell.m; sourceTree = "<group>"; xcLanguageSpecificationIdentifier = xcode.lang.objc; };
		493A80B1199D0C6F004DE319 /* FZZGuestListTableViewCell.h */ = {isa = PBXFileReference; fileEncoding = 4; lastKnownFileType = sourcecode.c.h; path = FZZGuestListTableViewCell.h; sourceTree = "<group>"; };
		493A80B2199D0C6F004DE319 /* FZZGuestListTableViewCell.m */ = {isa = PBXFileReference; fileEncoding = 4; lastKnownFileType = sourcecode.c.objc; path = FZZGuestListTableViewCell.m; sourceTree = "<group>"; };
		493B073E1987FC4600EC61E4 /* FZZUtilities.h */ = {isa = PBXFileReference; fileEncoding = 4; lastKnownFileType = sourcecode.c.h; path = FZZUtilities.h; sourceTree = "<group>"; };
		493B073F1987FC4600EC61E4 /* FZZUtilities.m */ = {isa = PBXFileReference; fileEncoding = 4; lastKnownFileType = sourcecode.c.objc; path = FZZUtilities.m; sourceTree = "<group>"; };
		493B074519897ED400EC61E4 /* FZZKeyboardNotificationCenter.h */ = {isa = PBXFileReference; fileEncoding = 4; lastKnownFileType = sourcecode.c.h; path = FZZKeyboardNotificationCenter.h; sourceTree = "<group>"; };
		493B074619897ED400EC61E4 /* FZZKeyboardNotificationCenter.m */ = {isa = PBXFileReference; fileEncoding = 4; lastKnownFileType = sourcecode.c.objc; path = FZZKeyboardNotificationCenter.m; sourceTree = "<group>"; };
		493B074919898F0600EC61E4 /* FZZChatScreenCell.h */ = {isa = PBXFileReference; fileEncoding = 4; lastKnownFileType = sourcecode.c.h; path = FZZChatScreenCell.h; sourceTree = "<group>"; };
		493B074A19898F0600EC61E4 /* FZZChatScreenCell.m */ = {isa = PBXFileReference; fileEncoding = 4; lastKnownFileType = sourcecode.c.objc; path = FZZChatScreenCell.m; sourceTree = "<group>"; };
		493B074C19898F3D00EC61E4 /* FZZChatScreenTableViewController.h */ = {isa = PBXFileReference; fileEncoding = 4; lastKnownFileType = sourcecode.c.h; path = FZZChatScreenTableViewController.h; sourceTree = "<group>"; };
		493B074D19898F3D00EC61E4 /* FZZChatScreenTableViewController.m */ = {isa = PBXFileReference; fileEncoding = 4; lastKnownFileType = sourcecode.c.objc; path = FZZChatScreenTableViewController.m; sourceTree = "<group>"; };
		493B074F19898F6900EC61E4 /* FZZEventMainCell.h */ = {isa = PBXFileReference; fileEncoding = 4; lastKnownFileType = sourcecode.c.h; path = FZZEventMainCell.h; sourceTree = "<group>"; };
		493B075019898F6900EC61E4 /* FZZEventMainCell.m */ = {isa = PBXFileReference; fileEncoding = 4; lastKnownFileType = sourcecode.c.objc; path = FZZEventMainCell.m; sourceTree = "<group>"; };
		493B075619898FC500EC61E4 /* FZZGuestListScreenTableViewController.h */ = {isa = PBXFileReference; fileEncoding = 4; lastKnownFileType = sourcecode.c.h; path = FZZGuestListScreenTableViewController.h; sourceTree = "<group>"; };
		493B075719898FC500EC61E4 /* FZZGuestListScreenTableViewController.m */ = {isa = PBXFileReference; fileEncoding = 4; lastKnownFileType = sourcecode.c.objc; path = FZZGuestListScreenTableViewController.m; sourceTree = "<group>"; };
		4950411A1984826F002DE44C /* FZZInputVerificationCodeViewController.h */ = {isa = PBXFileReference; fileEncoding = 4; lastKnownFileType = sourcecode.c.h; path = FZZInputVerificationCodeViewController.h; sourceTree = "<group>"; };
		4950411B1984826F002DE44C /* FZZInputVerificationCodeViewController.m */ = {isa = PBXFileReference; fileEncoding = 4; lastKnownFileType = sourcecode.c.objc; path = FZZInputVerificationCodeViewController.m; sourceTree = "<group>"; };
		4950412E198593B1002DE44C /* SocketIO.h */ = {isa = PBXFileReference; fileEncoding = 4; lastKnownFileType = sourcecode.c.h; name = SocketIO.h; path = "socket.IO-objc-master/SocketIO.h"; sourceTree = SOURCE_ROOT; };
		4950412F198593B1002DE44C /* SocketIO.m */ = {isa = PBXFileReference; fileEncoding = 4; lastKnownFileType = sourcecode.c.objc; name = SocketIO.m; path = "socket.IO-objc-master/SocketIO.m"; sourceTree = SOURCE_ROOT; };
		49504130198593B1002DE44C /* SocketIOJSONSerialization.h */ = {isa = PBXFileReference; fileEncoding = 4; lastKnownFileType = sourcecode.c.h; name = SocketIOJSONSerialization.h; path = "socket.IO-objc-master/SocketIOJSONSerialization.h"; sourceTree = SOURCE_ROOT; };
		49504131198593B1002DE44C /* SocketIOJSONSerialization.m */ = {isa = PBXFileReference; fileEncoding = 4; lastKnownFileType = sourcecode.c.objc; name = SocketIOJSONSerialization.m; path = "socket.IO-objc-master/SocketIOJSONSerialization.m"; sourceTree = SOURCE_ROOT; };
		49504132198593B1002DE44C /* SocketIOPacket.h */ = {isa = PBXFileReference; fileEncoding = 4; lastKnownFileType = sourcecode.c.h; name = SocketIOPacket.h; path = "socket.IO-objc-master/SocketIOPacket.h"; sourceTree = SOURCE_ROOT; };
		49504133198593B1002DE44C /* SocketIOPacket.m */ = {isa = PBXFileReference; fileEncoding = 4; lastKnownFileType = sourcecode.c.objc; name = SocketIOPacket.m; path = "socket.IO-objc-master/SocketIOPacket.m"; sourceTree = SOURCE_ROOT; };
		49504134198593B1002DE44C /* SocketIOTransport.h */ = {isa = PBXFileReference; fileEncoding = 4; lastKnownFileType = sourcecode.c.h; name = SocketIOTransport.h; path = "socket.IO-objc-master/SocketIOTransport.h"; sourceTree = SOURCE_ROOT; };
		49504135198593B1002DE44C /* SocketIOTransportWebsocket.h */ = {isa = PBXFileReference; fileEncoding = 4; lastKnownFileType = sourcecode.c.h; name = SocketIOTransportWebsocket.h; path = "socket.IO-objc-master/SocketIOTransportWebsocket.h"; sourceTree = SOURCE_ROOT; };
		49504136198593B1002DE44C /* SocketIOTransportWebsocket.m */ = {isa = PBXFileReference; fileEncoding = 4; lastKnownFileType = sourcecode.c.objc; name = SocketIOTransportWebsocket.m; path = "socket.IO-objc-master/SocketIOTransportWebsocket.m"; sourceTree = SOURCE_ROOT; };
		49504137198593B1002DE44C /* SocketIOTransportXHR.h */ = {isa = PBXFileReference; fileEncoding = 4; lastKnownFileType = sourcecode.c.h; name = SocketIOTransportXHR.h; path = "socket.IO-objc-master/SocketIOTransportXHR.h"; sourceTree = SOURCE_ROOT; };
		49504138198593B1002DE44C /* SocketIOTransportXHR.m */ = {isa = PBXFileReference; fileEncoding = 4; lastKnownFileType = sourcecode.c.objc; name = SocketIOTransportXHR.m; path = "socket.IO-objc-master/SocketIOTransportXHR.m"; sourceTree = SOURCE_ROOT; };
		4950413E1986F292002DE44C /* FZZLocationManager.h */ = {isa = PBXFileReference; fileEncoding = 4; lastKnownFileType = sourcecode.c.h; path = FZZLocationManager.h; sourceTree = "<group>"; };
		4950413F1986F292002DE44C /* FZZLocationManager.m */ = {isa = PBXFileReference; fileEncoding = 4; lastKnownFileType = sourcecode.c.objc; path = FZZLocationManager.m; sourceTree = "<group>"; };
		4954FAFE18D3AAA40083D07F /* FZZInputPhoneViewController.h */ = {isa = PBXFileReference; fileEncoding = 4; lastKnownFileType = sourcecode.c.h; path = FZZInputPhoneViewController.h; sourceTree = "<group>"; };
		4954FAFF18D3AAA40083D07F /* FZZInputPhoneViewController.m */ = {isa = PBXFileReference; fileEncoding = 4; lastKnownFileType = sourcecode.c.objc; path = FZZInputPhoneViewController.m; sourceTree = "<group>"; };
		4954FB0018D3AAA40083D07F /* FZZInputPhoneViewController.xib */ = {isa = PBXFileReference; fileEncoding = 4; lastKnownFileType = file.xib; path = FZZInputPhoneViewController.xib; sourceTree = "<group>"; };
		4954FB0618D3AB800083D07F /* PhoneNumberFormatter.h */ = {isa = PBXFileReference; fileEncoding = 4; lastKnownFileType = sourcecode.c.h; path = PhoneNumberFormatter.h; sourceTree = "<group>"; };
		4954FB0718D3AB800083D07F /* PhoneNumberFormatter.m */ = {isa = PBXFileReference; fileEncoding = 4; lastKnownFileType = sourcecode.c.objc; path = PhoneNumberFormatter.m; sourceTree = "<group>"; };
		4954FB0918D4BD280083D07F /* FZZExpandedNewEventCell.h */ = {isa = PBXFileReference; fileEncoding = 4; lastKnownFileType = sourcecode.c.h; path = FZZExpandedNewEventCell.h; sourceTree = "<group>"; };
		4954FB0A18D4BD280083D07F /* FZZExpandedNewEventCell.m */ = {isa = PBXFileReference; fileEncoding = 4; lastKnownFileType = sourcecode.c.objc; path = FZZExpandedNewEventCell.m; sourceTree = "<group>"; };
		4954FB1C18D4F0A30083D07F /* FZZInviteCell.xib */ = {isa = PBXFileReference; fileEncoding = 4; lastKnownFileType = file.xib; path = FZZInviteCell.xib; sourceTree = "<group>"; };
		4954FB1E18D4F1000083D07F /* FZZInviteCell.h */ = {isa = PBXFileReference; fileEncoding = 4; lastKnownFileType = sourcecode.c.h; path = FZZInviteCell.h; sourceTree = "<group>"; };
		4954FB1F18D4F1010083D07F /* FZZInviteCell.m */ = {isa = PBXFileReference; fileEncoding = 4; lastKnownFileType = sourcecode.c.objc; path = FZZInviteCell.m; sourceTree = "<group>"; };
		495E9D26187BAF98008F7CC7 /* FZZSpeechBubble.h */ = {isa = PBXFileReference; fileEncoding = 4; lastKnownFileType = sourcecode.c.h; path = FZZSpeechBubble.h; sourceTree = "<group>"; };
		495E9D27187BAF98008F7CC7 /* FZZSpeechBubble.m */ = {isa = PBXFileReference; fileEncoding = 4; lastKnownFileType = sourcecode.c.objc; path = FZZSpeechBubble.m; sourceTree = "<group>"; };
		496C790419AE55870052C3C4 /* FZZInputPhoneTableViewCell.xib */ = {isa = PBXFileReference; fileEncoding = 4; lastKnownFileType = file.xib; path = FZZInputPhoneTableViewCell.xib; sourceTree = "<group>"; };
		496C790619AE5B4F0052C3C4 /* FZZInputPhoneTableViewCell.h */ = {isa = PBXFileReference; fileEncoding = 4; lastKnownFileType = sourcecode.c.h; path = FZZInputPhoneTableViewCell.h; sourceTree = "<group>"; };
		496C790719AE5B4F0052C3C4 /* FZZInputPhoneTableViewCell.m */ = {isa = PBXFileReference; fileEncoding = 4; lastKnownFileType = sourcecode.c.objc; path = FZZInputPhoneTableViewCell.m; sourceTree = "<group>"; };
		496C790919AE5DD60052C3C4 /* FZZInputPhoneTableViewController.h */ = {isa = PBXFileReference; fileEncoding = 4; lastKnownFileType = sourcecode.c.h; path = FZZInputPhoneTableViewController.h; sourceTree = "<group>"; };
		496C790A19AE5DD60052C3C4 /* FZZInputPhoneTableViewController.m */ = {isa = PBXFileReference; fileEncoding = 4; lastKnownFileType = sourcecode.c.objc; path = FZZInputPhoneTableViewController.m; sourceTree = "<group>"; };
		496C790C19B0E6400052C3C4 /* FZZUnderlinedTextField.h */ = {isa = PBXFileReference; fileEncoding = 4; lastKnownFileType = sourcecode.c.h; path = FZZUnderlinedTextField.h; sourceTree = "<group>"; };
		496C790D19B0E6400052C3C4 /* FZZUnderlinedTextField.m */ = {isa = PBXFileReference; fileEncoding = 4; lastKnownFileType = sourcecode.c.objc; path = FZZUnderlinedTextField.m; sourceTree = "<group>"; };
		496C791519B15DA10052C3C4 /* FZZPinTextField.h */ = {isa = PBXFileReference; fileEncoding = 4; lastKnownFileType = sourcecode.c.h; path = FZZPinTextField.h; sourceTree = "<group>"; };
		496C791619B15DA10052C3C4 /* FZZPinTextField.m */ = {isa = PBXFileReference; fileEncoding = 4; lastKnownFileType = sourcecode.c.objc; path = FZZPinTextField.m; sourceTree = "<group>"; };
		496C791819B15FE70052C3C4 /* FZZPinNumberLabel.h */ = {isa = PBXFileReference; fileEncoding = 4; lastKnownFileType = sourcecode.c.h; path = FZZPinNumberLabel.h; sourceTree = "<group>"; };
		496C791919B15FE70052C3C4 /* FZZPinNumberLabel.m */ = {isa = PBXFileReference; fileEncoding = 4; lastKnownFileType = sourcecode.c.objc; path = FZZPinNumberLabel.m; sourceTree = "<group>"; };
		496C791C19B2297F0052C3C4 /* FZZPinDotView.h */ = {isa = PBXFileReference; fileEncoding = 4; lastKnownFileType = sourcecode.c.h; path = FZZPinDotView.h; sourceTree = "<group>"; };
		496C791D19B2297F0052C3C4 /* FZZPinDotView.m */ = {isa = PBXFileReference; fileEncoding = 4; lastKnownFileType = sourcecode.c.objc; path = FZZPinDotView.m; sourceTree = "<group>"; };
		497F349318E07F1200B70FD4 /* FZZInviteGuestButton.h */ = {isa = PBXFileReference; fileEncoding = 4; lastKnownFileType = sourcecode.c.h; path = FZZInviteGuestButton.h; sourceTree = "<group>"; };
		497F349418E07F1200B70FD4 /* FZZInviteGuestButton.m */ = {isa = PBXFileReference; fileEncoding = 4; lastKnownFileType = sourcecode.c.objc; path = FZZInviteGuestButton.m; sourceTree = "<group>"; };
		498E5E6D18B42CB300487898 /* FacebookSDK.framework */ = {isa = PBXFileReference; lastKnownFileType = wrapper.framework; name = FacebookSDK.framework; path = ../FacebookSDK/FacebookSDK.framework; sourceTree = "<group>"; };
		4994FCF51929D23900BD2FB8 /* FZZCoordinate.h */ = {isa = PBXFileReference; fileEncoding = 4; lastKnownFileType = sourcecode.c.h; path = FZZCoordinate.h; sourceTree = "<group>"; };
		4994FCF61929D23900BD2FB8 /* FZZCoordinate.m */ = {isa = PBXFileReference; fileEncoding = 4; lastKnownFileType = sourcecode.c.objc; path = FZZCoordinate.m; sourceTree = "<group>"; };
		4994FCFB1929D2C000BD2FB8 /* FZZEvent.h */ = {isa = PBXFileReference; fileEncoding = 4; lastKnownFileType = sourcecode.c.h; path = FZZEvent.h; sourceTree = "<group>"; };
		4994FCFC1929D2C000BD2FB8 /* FZZEvent.m */ = {isa = PBXFileReference; fileEncoding = 4; lastKnownFileType = sourcecode.c.objc; path = FZZEvent.m; sourceTree = "<group>"; };
		4994FCFE1929D2D800BD2FB8 /* FZZMessage.h */ = {isa = PBXFileReference; fileEncoding = 4; lastKnownFileType = sourcecode.c.h; path = FZZMessage.h; sourceTree = "<group>"; };
		4994FCFF1929D2D800BD2FB8 /* FZZMessage.m */ = {isa = PBXFileReference; fileEncoding = 4; lastKnownFileType = sourcecode.c.objc; path = FZZMessage.m; sourceTree = "<group>"; };
		4994FD011929D2EE00BD2FB8 /* FZZUser.h */ = {isa = PBXFileReference; fileEncoding = 4; lastKnownFileType = sourcecode.c.h; path = FZZUser.h; sourceTree = "<group>"; };
		4994FD021929D2EE00BD2FB8 /* FZZUser.m */ = {isa = PBXFileReference; fileEncoding = 4; lastKnownFileType = sourcecode.c.objc; path = FZZUser.m; sourceTree = "<group>"; };
		49958A5E1932B64400C8F6E1 /* FZZExpandedVerticalTableViewController.h */ = {isa = PBXFileReference; fileEncoding = 4; lastKnownFileType = sourcecode.c.h; path = FZZExpandedVerticalTableViewController.h; sourceTree = "<group>"; };
		49958A5F1932B64400C8F6E1 /* FZZExpandedVerticalTableViewController.m */ = {isa = PBXFileReference; fileEncoding = 4; lastKnownFileType = sourcecode.c.objc; path = FZZExpandedVerticalTableViewController.m; sourceTree = "<group>"; };
		49960E3B1A1DB61700BB557F /* libTestFlight.a */ = {isa = PBXFileReference; lastKnownFileType = archive.ar; path = libTestFlight.a; sourceTree = "<group>"; };
		49960E3C1A1DB61700BB557F /* README.md */ = {isa = PBXFileReference; fileEncoding = 4; lastKnownFileType = net.daringfireball.markdown; path = README.md; sourceTree = "<group>"; };
		49960E3D1A1DB61700BB557F /* release_notes.md */ = {isa = PBXFileReference; fileEncoding = 4; lastKnownFileType = net.daringfireball.markdown; path = release_notes.md; sourceTree = "<group>"; };
		49960E3E1A1DB61700BB557F /* TestFlight+AsyncLogging.h */ = {isa = PBXFileReference; fileEncoding = 4; lastKnownFileType = sourcecode.c.h; path = "TestFlight+AsyncLogging.h"; sourceTree = "<group>"; };
		49960E3F1A1DB61700BB557F /* TestFlight+ManualSessions.h */ = {isa = PBXFileReference; fileEncoding = 4; lastKnownFileType = sourcecode.c.h; path = "TestFlight+ManualSessions.h"; sourceTree = "<group>"; };
		49960E401A1DB61700BB557F /* TestFlight.h */ = {isa = PBXFileReference; fileEncoding = 4; lastKnownFileType = sourcecode.c.h; path = TestFlight.h; sourceTree = "<group>"; };
		499A8E7D18CD336800842EA7 /* FZZUserMessageCell.h */ = {isa = PBXFileReference; fileEncoding = 4; lastKnownFileType = sourcecode.c.h; path = FZZUserMessageCell.h; sourceTree = "<group>"; };
		499A8E7E18CD336800842EA7 /* FZZUserMessageCell.m */ = {isa = PBXFileReference; fileEncoding = 4; lastKnownFileType = sourcecode.c.objc; path = FZZUserMessageCell.m; sourceTree = "<group>"; };
		499A8E8018CD337B00842EA7 /* FZZUserMessageCell.xib */ = {isa = PBXFileReference; fileEncoding = 4; lastKnownFileType = file.xib; path = FZZUserMessageCell.xib; sourceTree = "<group>"; };
		49A31F5918CF5E3A001214B9 /* FZZEnterMessagePrototypeViewController.h */ = {isa = PBXFileReference; fileEncoding = 4; lastKnownFileType = sourcecode.c.h; path = FZZEnterMessagePrototypeViewController.h; sourceTree = "<group>"; };
		49A31F5A18CF5E3A001214B9 /* FZZEnterMessagePrototypeViewController.m */ = {isa = PBXFileReference; fileEncoding = 4; lastKnownFileType = sourcecode.c.objc; path = FZZEnterMessagePrototypeViewController.m; sourceTree = "<group>"; };
		49A31F5B18CF5E3A001214B9 /* FZZEnterMessagePrototypeViewController.xib */ = {isa = PBXFileReference; fileEncoding = 4; lastKnownFileType = file.xib; path = FZZEnterMessagePrototypeViewController.xib; sourceTree = "<group>"; };
		49A4C51319C5E2B200F5EC1C /* FZZScrollDetector.h */ = {isa = PBXFileReference; fileEncoding = 4; lastKnownFileType = sourcecode.c.h; path = FZZScrollDetector.h; sourceTree = "<group>"; };
		49A4C51419C5E2B300F5EC1C /* FZZScrollDetector.m */ = {isa = PBXFileReference; fileEncoding = 4; lastKnownFileType = sourcecode.c.objc; path = FZZScrollDetector.m; sourceTree = "<group>"; };
		49AA438E18E8FBEC006D6830 /* FZZServerMessageCell.h */ = {isa = PBXFileReference; fileEncoding = 4; lastKnownFileType = sourcecode.c.h; path = FZZServerMessageCell.h; sourceTree = "<group>"; };
		49AA438F18E8FBEC006D6830 /* FZZServerMessageCell.m */ = {isa = PBXFileReference; fileEncoding = 4; lastKnownFileType = sourcecode.c.objc; path = FZZServerMessageCell.m; sourceTree = "<group>"; };
		49AA439118E8FBFE006D6830 /* FZZServerMessageCell.xib */ = {isa = PBXFileReference; fileEncoding = 4; lastKnownFileType = file.xib; path = FZZServerMessageCell.xib; sourceTree = "<group>"; };
		49AAFC2B18CBD3260029A07C /* MapView.xcodeproj */ = {isa = PBXFileReference; lastKnownFileType = "wrapper.pb-project"; name = MapView.xcodeproj; path = "/Users/Andrew/Beacon App/Beacon/MapView/mapbox-ios-example/MapBox-iOS-SDK/MapView/MapView.xcodeproj"; sourceTree = "<absolute>"; };
		49B1C17718E4C6F2007C5D44 /* AddressBookUI.framework */ = {isa = PBXFileReference; lastKnownFileType = wrapper.framework; name = AddressBookUI.framework; path = System/Library/Frameworks/AddressBookUI.framework; sourceTree = SDKROOT; };
		49B1C17A18E4C6F8007C5D44 /* AddressBook.framework */ = {isa = PBXFileReference; lastKnownFileType = wrapper.framework; name = AddressBook.framework; path = System/Library/Frameworks/AddressBook.framework; sourceTree = SDKROOT; };
		49B562F71993CF5F008302E5 /* FZZDescriptionScreenTableViewCell.h */ = {isa = PBXFileReference; fileEncoding = 4; lastKnownFileType = sourcecode.c.h; path = FZZDescriptionScreenTableViewCell.h; sourceTree = "<group>"; };
		49B562F81993CF5F008302E5 /* FZZDescriptionScreenTableViewCell.m */ = {isa = PBXFileReference; fileEncoding = 4; lastKnownFileType = sourcecode.c.objc; path = FZZDescriptionScreenTableViewCell.m; sourceTree = "<group>"; };
		49BCC49A192D2FAA0085CE16 /* FZZCluster.h */ = {isa = PBXFileReference; fileEncoding = 4; lastKnownFileType = sourcecode.c.h; path = FZZCluster.h; sourceTree = "<group>"; };
		49BCC49B192D2FAA0085CE16 /* FZZCluster.m */ = {isa = PBXFileReference; fileEncoding = 4; lastKnownFileType = sourcecode.c.objc; path = FZZCluster.m; sourceTree = "<group>"; };
		49C78986199D2C4F004EA886 /* FZZContactListScreenTableViewCell.h */ = {isa = PBXFileReference; fileEncoding = 4; lastKnownFileType = sourcecode.c.h; path = FZZContactListScreenTableViewCell.h; sourceTree = "<group>"; };
		49C78987199D2C4F004EA886 /* FZZContactListScreenTableViewCell.m */ = {isa = PBXFileReference; fileEncoding = 4; lastKnownFileType = sourcecode.c.objc; path = FZZContactListScreenTableViewCell.m; sourceTree = "<group>"; };
		49C78989199D2CD9004EA886 /* FZZContactTableViewCell.h */ = {isa = PBXFileReference; fileEncoding = 4; lastKnownFileType = sourcecode.c.h; path = FZZContactTableViewCell.h; sourceTree = "<group>"; };
		49C7898A199D2CD9004EA886 /* FZZContactTableViewCell.m */ = {isa = PBXFileReference; fileEncoding = 4; lastKnownFileType = sourcecode.c.objc; path = FZZContactTableViewCell.m; sourceTree = "<group>"; };
		49C7898C199D2CF3004EA886 /* FZZContactsTableViewController.h */ = {isa = PBXFileReference; fileEncoding = 4; lastKnownFileType = sourcecode.c.h; path = FZZContactsTableViewController.h; sourceTree = "<group>"; };
		49C7898D199D2CF3004EA886 /* FZZContactsTableViewController.m */ = {isa = PBXFileReference; fileEncoding = 4; lastKnownFileType = sourcecode.c.objc; path = FZZContactsTableViewController.m; sourceTree = "<group>"; };
		49C78992199D9D2B004EA886 /* FZZFadedEdgeTableViewController.h */ = {isa = PBXFileReference; fileEncoding = 4; lastKnownFileType = sourcecode.c.h; path = FZZFadedEdgeTableViewController.h; sourceTree = "<group>"; };
		49C78993199D9D2B004EA886 /* FZZFadedEdgeTableViewController.m */ = {isa = PBXFileReference; fileEncoding = 4; lastKnownFileType = sourcecode.c.objc; path = FZZFadedEdgeTableViewController.m; sourceTree = "<group>"; };
		49C7899519A2461B004EA886 /* FZZGuestListScreenTableViewCell.h */ = {isa = PBXFileReference; fileEncoding = 4; lastKnownFileType = sourcecode.c.h; path = FZZGuestListScreenTableViewCell.h; sourceTree = "<group>"; };
		49C7899619A2461B004EA886 /* FZZGuestListScreenTableViewCell.m */ = {isa = PBXFileReference; fileEncoding = 4; lastKnownFileType = sourcecode.c.objc; path = FZZGuestListScreenTableViewCell.m; sourceTree = "<group>"; };
		49C7899C19A24966004EA886 /* FZZInviteSearchBarView.h */ = {isa = PBXFileReference; fileEncoding = 4; lastKnownFileType = sourcecode.c.h; path = FZZInviteSearchBarView.h; sourceTree = "<group>"; };
		49C7899D19A24966004EA886 /* FZZInviteSearchBarView.m */ = {isa = PBXFileReference; fileEncoding = 4; lastKnownFileType = sourcecode.c.objc; path = FZZInviteSearchBarView.m; sourceTree = "<group>"; };
		49C7899F19A24AD5004EA886 /* FZZCustomPlaceholderTextField.h */ = {isa = PBXFileReference; fileEncoding = 4; lastKnownFileType = sourcecode.c.h; path = FZZCustomPlaceholderTextField.h; sourceTree = "<group>"; };
		49C789A019A24AD5004EA886 /* FZZCustomPlaceholderTextField.m */ = {isa = PBXFileReference; fileEncoding = 4; lastKnownFileType = sourcecode.c.objc; path = FZZCustomPlaceholderTextField.m; sourceTree = "<group>"; };
		49C789A219A2849B004EA886 /* FZZContactDelegate.h */ = {isa = PBXFileReference; fileEncoding = 4; lastKnownFileType = sourcecode.c.h; path = FZZContactDelegate.h; sourceTree = "<group>"; };
		49C789A319A2849B004EA886 /* FZZContactDelegate.m */ = {isa = PBXFileReference; fileEncoding = 4; lastKnownFileType = sourcecode.c.objc; path = FZZContactDelegate.m; sourceTree = "<group>"; };
		49C8B1531889F08600400832 /* FZZEventCell.h */ = {isa = PBXFileReference; fileEncoding = 4; lastKnownFileType = sourcecode.c.h; path = FZZEventCell.h; sourceTree = "<group>"; };
		49C8B1541889F08600400832 /* FZZEventCell.m */ = {isa = PBXFileReference; fileEncoding = 4; lastKnownFileType = sourcecode.c.objc; path = FZZEventCell.m; sourceTree = "<group>"; };
		49CD064919BF4D26004E0C71 /* FZZPage.h */ = {isa = PBXFileReference; fileEncoding = 4; lastKnownFileType = sourcecode.c.h; path = FZZPage.h; sourceTree = "<group>"; };
		49CD064A19BF4D26004E0C71 /* FZZPage.m */ = {isa = PBXFileReference; fileEncoding = 4; lastKnownFileType = sourcecode.c.objc; path = FZZPage.m; sourceTree = "<group>"; };
		49D5C99C186042C2002BB1F0 /* Let's.app */ = {isa = PBXFileReference; explicitFileType = wrapper.application; includeInIndex = 0; path = "Let's.app"; sourceTree = BUILT_PRODUCTS_DIR; };
		49D5C99F186042C2002BB1F0 /* Foundation.framework */ = {isa = PBXFileReference; lastKnownFileType = wrapper.framework; name = Foundation.framework; path = System/Library/Frameworks/Foundation.framework; sourceTree = SDKROOT; };
		49D5C9A1186042C2002BB1F0 /* CoreGraphics.framework */ = {isa = PBXFileReference; lastKnownFileType = wrapper.framework; name = CoreGraphics.framework; path = System/Library/Frameworks/CoreGraphics.framework; sourceTree = SDKROOT; };
		49D5C9A3186042C2002BB1F0 /* UIKit.framework */ = {isa = PBXFileReference; lastKnownFileType = wrapper.framework; name = UIKit.framework; path = System/Library/Frameworks/UIKit.framework; sourceTree = SDKROOT; };
		49D5C9A7186042C2002BB1F0 /* Let's-Info.plist */ = {isa = PBXFileReference; lastKnownFileType = text.plist.xml; path = "Let's-Info.plist"; sourceTree = "<group>"; };
		49D5C9A9186042C2002BB1F0 /* en */ = {isa = PBXFileReference; lastKnownFileType = text.plist.strings; name = en; path = en.lproj/InfoPlist.strings; sourceTree = "<group>"; };
		49D5C9AB186042C2002BB1F0 /* main.m */ = {isa = PBXFileReference; lastKnownFileType = sourcecode.c.objc; path = main.m; sourceTree = "<group>"; };
		49D5C9AD186042C2002BB1F0 /* Let's-Prefix.pch */ = {isa = PBXFileReference; lastKnownFileType = sourcecode.c.h; path = "Let's-Prefix.pch"; sourceTree = "<group>"; };
		49D5C9AE186042C2002BB1F0 /* FZZAppDelegate.h */ = {isa = PBXFileReference; lastKnownFileType = sourcecode.c.h; lineEnding = 0; path = FZZAppDelegate.h; sourceTree = "<group>"; xcLanguageSpecificationIdentifier = xcode.lang.objcpp; };
		49D5C9AF186042C2002BB1F0 /* FZZAppDelegate.m */ = {isa = PBXFileReference; lastKnownFileType = sourcecode.c.objc; lineEnding = 0; path = FZZAppDelegate.m; sourceTree = "<group>"; xcLanguageSpecificationIdentifier = xcode.lang.objc; };
		49D5C9B1186042C2002BB1F0 /* Images.xcassets */ = {isa = PBXFileReference; lastKnownFileType = folder.assetcatalog; path = Images.xcassets; sourceTree = "<group>"; };
		49D5C9B7186042C2002BB1F0 /* Let'sTests.xctest */ = {isa = PBXFileReference; explicitFileType = wrapper.cfbundle; includeInIndex = 0; path = "Let'sTests.xctest"; sourceTree = BUILT_PRODUCTS_DIR; };
		49D5C9B8186042C2002BB1F0 /* XCTest.framework */ = {isa = PBXFileReference; lastKnownFileType = wrapper.framework; name = XCTest.framework; path = Library/Frameworks/XCTest.framework; sourceTree = DEVELOPER_DIR; };
		49D5C9C0186042C2002BB1F0 /* Let'sTests-Info.plist */ = {isa = PBXFileReference; lastKnownFileType = text.plist.xml; path = "Let'sTests-Info.plist"; sourceTree = "<group>"; };
		49D5C9C2186042C2002BB1F0 /* en */ = {isa = PBXFileReference; lastKnownFileType = text.plist.strings; name = en; path = en.lproj/InfoPlist.strings; sourceTree = "<group>"; };
		49D5C9C4186042C2002BB1F0 /* FizzTests.m */ = {isa = PBXFileReference; lastKnownFileType = sourcecode.c.objc; path = FizzTests.m; sourceTree = "<group>"; };
		49D5C9E018604973002BB1F0 /* FZZ_Reachability.h */ = {isa = PBXFileReference; fileEncoding = 4; lastKnownFileType = sourcecode.c.h; path = FZZ_Reachability.h; sourceTree = "<group>"; };
		49D5C9E118604973002BB1F0 /* FZZ_Reachability.m */ = {isa = PBXFileReference; fileEncoding = 4; lastKnownFileType = sourcecode.c.objc; path = FZZ_Reachability.m; sourceTree = "<group>"; };
		49D5E6C918616A56002BB1F0 /* datakit.js */ = {isa = PBXFileReference; fileEncoding = 4; lastKnownFileType = sourcecode.javascript; path = datakit.js; sourceTree = "<group>"; };
		49D5E6CA18616A56002BB1F0 /* package.json */ = {isa = PBXFileReference; fileEncoding = 4; lastKnownFileType = text.json; path = package.json; sourceTree = "<group>"; };
		49D5E6CB18616A56002BB1F0 /* run.js */ = {isa = PBXFileReference; fileEncoding = 4; lastKnownFileType = sourcecode.javascript; path = run.js; sourceTree = "<group>"; };
		49D5E6CD18616A56002BB1F0 /* gen_ssl_cert.sh */ = {isa = PBXFileReference; fileEncoding = 4; lastKnownFileType = text.script.sh; path = gen_ssl_cert.sh; sourceTree = "<group>"; };
		49E983E3186A5C4D00D37B2A /* CoreLocation.framework */ = {isa = PBXFileReference; lastKnownFileType = wrapper.framework; name = CoreLocation.framework; path = System/Library/Frameworks/CoreLocation.framework; sourceTree = SDKROOT; };
		49E983E5186A5C5700D37B2A /* QuartzCore.framework */ = {isa = PBXFileReference; lastKnownFileType = wrapper.framework; name = QuartzCore.framework; path = System/Library/Frameworks/QuartzCore.framework; sourceTree = SDKROOT; };
		49E983E7186A5C6C00D37B2A /* libsqlite3.dylib */ = {isa = PBXFileReference; lastKnownFileType = "compiled.mach-o.dylib"; name = libsqlite3.dylib; path = usr/lib/libsqlite3.dylib; sourceTree = SDKROOT; };
		49E983E9186A5C7900D37B2A /* libz.dylib */ = {isa = PBXFileReference; lastKnownFileType = "compiled.mach-o.dylib"; name = libz.dylib; path = usr/lib/libz.dylib; sourceTree = SDKROOT; };
		49E9843118723D3300D37B2A /* Social.framework */ = {isa = PBXFileReference; lastKnownFileType = wrapper.framework; name = Social.framework; path = System/Library/Frameworks/Social.framework; sourceTree = SDKROOT; };
		49E9843C1872687400D37B2A /* AssetsLibrary.framework */ = {isa = PBXFileReference; lastKnownFileType = wrapper.framework; name = AssetsLibrary.framework; path = System/Library/Frameworks/AssetsLibrary.framework; sourceTree = SDKROOT; };
		49E9843E187268B800D37B2A /* AdSupport.framework */ = {isa = PBXFileReference; lastKnownFileType = wrapper.framework; name = AdSupport.framework; path = System/Library/Frameworks/AdSupport.framework; sourceTree = SDKROOT; };
		49EEEA8918D8D1E600BDA605 /* FZZPhoneInputCell.xib */ = {isa = PBXFileReference; fileEncoding = 4; lastKnownFileType = file.xib; path = FZZPhoneInputCell.xib; sourceTree = "<group>"; };
		49EEEA8C18D8D37300BDA605 /* FZZPhoneInputCell.h */ = {isa = PBXFileReference; fileEncoding = 4; lastKnownFileType = sourcecode.c.h; path = FZZPhoneInputCell.h; sourceTree = "<group>"; };
		49EEEA8D18D8D37300BDA605 /* FZZPhoneInputCell.m */ = {isa = PBXFileReference; fileEncoding = 4; lastKnownFileType = sourcecode.c.objc; path = FZZPhoneInputCell.m; sourceTree = "<group>"; };
		49EEEA8F18D932F000BDA605 /* FZZBackspaceResignTextField.h */ = {isa = PBXFileReference; fileEncoding = 4; lastKnownFileType = sourcecode.c.h; path = FZZBackspaceResignTextField.h; sourceTree = "<group>"; };
		49EEEA9018D932F000BDA605 /* FZZBackspaceResignTextField.m */ = {isa = PBXFileReference; fileEncoding = 4; lastKnownFileType = sourcecode.c.objc; path = FZZBackspaceResignTextField.m; sourceTree = "<group>"; };
		49EEEA9518D972FB00BDA605 /* FZZTextViewWithPlaceholder.h */ = {isa = PBXFileReference; fileEncoding = 4; lastKnownFileType = sourcecode.c.h; lineEnding = 0; path = FZZTextViewWithPlaceholder.h; sourceTree = "<group>"; xcLanguageSpecificationIdentifier = xcode.lang.objcpp; };
		49EEEA9618D972FB00BDA605 /* FZZTextViewWithPlaceholder.m */ = {isa = PBXFileReference; fileEncoding = 4; lastKnownFileType = sourcecode.c.objc; lineEnding = 0; path = FZZTextViewWithPlaceholder.m; sourceTree = "<group>"; xcLanguageSpecificationIdentifier = xcode.lang.objc; };
		49F524D018E1C3040019C5DF /* FZZOverlayView.h */ = {isa = PBXFileReference; fileEncoding = 4; lastKnownFileType = sourcecode.c.h; path = FZZOverlayView.h; sourceTree = "<group>"; };
		49F524D118E1C3040019C5DF /* FZZOverlayView.m */ = {isa = PBXFileReference; fileEncoding = 4; lastKnownFileType = sourcecode.c.objc; lineEnding = 0; path = FZZOverlayView.m; sourceTree = "<group>"; xcLanguageSpecificationIdentifier = xcode.lang.objc; };
		49F524D318E212840019C5DF /* FZZNavIcon.h */ = {isa = PBXFileReference; fileEncoding = 4; lastKnownFileType = sourcecode.c.h; path = FZZNavIcon.h; sourceTree = "<group>"; };
		49F524D418E212840019C5DF /* FZZNavIcon.m */ = {isa = PBXFileReference; fileEncoding = 4; lastKnownFileType = sourcecode.c.objc; path = FZZNavIcon.m; sourceTree = "<group>"; };
		5D9F535A370840F8A55F2F95 /* Pods.xcconfig */ = {isa = PBXFileReference; includeInIndex = 1; lastKnownFileType = text.xcconfig; name = Pods.xcconfig; path = Pods/Pods.xcconfig; sourceTree = "<group>"; };
		77ABE3261F854F65A5295960 /* libPods.a */ = {isa = PBXFileReference; explicitFileType = archive.ar; includeInIndex = 0; path = libPods.a; sourceTree = BUILT_PRODUCTS_DIR; };
/* End PBXFileReference section */

/* Begin PBXFrameworksBuildPhase section */
		49D5C999186042C2002BB1F0 /* Frameworks */ = {
			isa = PBXFrameworksBuildPhase;
			buildActionMask = 2147483647;
			files = (
				492E5D79192EE6BB00359F11 /* libc++.dylib in Frameworks */,
				49B1C17B18E4C6F8007C5D44 /* AddressBook.framework in Frameworks */,
				49B1C17818E4C6F2007C5D44 /* AddressBookUI.framework in Frameworks */,
				4950F8AE18D0E41900E6D798 /* libz.dylib in Frameworks */,
				49E983E8186A5C6C00D37B2A /* libsqlite3.dylib in Frameworks */,
				49E983E6186A5C5700D37B2A /* QuartzCore.framework in Frameworks */,
				49E9843F187268B800D37B2A /* AdSupport.framework in Frameworks */,
				49E9843B1872685E00D37B2A /* Social.framework in Frameworks */,
				49E983E4186A5C4D00D37B2A /* CoreLocation.framework in Frameworks */,
				49069B0C18651775003D003A /* libicucore.dylib in Frameworks */,
				49069B0A1865176A003D003A /* CFNetwork.framework in Frameworks */,
				49960E411A1DB61700BB557F /* libTestFlight.a in Frameworks */,
				49069B0818651762003D003A /* Security.framework in Frameworks */,
				49D5C9A4186042C2002BB1F0 /* UIKit.framework in Frameworks */,
				49D5C9A0186042C2002BB1F0 /* Foundation.framework in Frameworks */,
				49D5C9A2186042C2002BB1F0 /* CoreGraphics.framework in Frameworks */,
				E9F3EDDBFEE744F3845ACCE1 /* libPods.a in Frameworks */,
			);
			runOnlyForDeploymentPostprocessing = 0;
		};
		49D5C9B4186042C2002BB1F0 /* Frameworks */ = {
			isa = PBXFrameworksBuildPhase;
			buildActionMask = 2147483647;
			files = (
				49D5C9B9186042C2002BB1F0 /* XCTest.framework in Frameworks */,
				49D5C9BB186042C2002BB1F0 /* UIKit.framework in Frameworks */,
				49D5C9BA186042C2002BB1F0 /* Foundation.framework in Frameworks */,
			);
			runOnlyForDeploymentPostprocessing = 0;
		};
/* End PBXFrameworksBuildPhase section */

/* Begin PBXGroup section */
		49069AFC18651710003D003A /* SocketRocket */ = {
			isa = PBXGroup;
			children = (
				49069AFD18651731003D003A /* base64.c */,
				49069AFE18651731003D003A /* base64.h */,
				49069AFF18651731003D003A /* NSData+SRB64Additions.h */,
				49069B0018651731003D003A /* NSData+SRB64Additions.m */,
				49069B0118651731003D003A /* SocketRocket-Prefix.pch */,
				49069B0218651731003D003A /* SRWebSocket.h */,
				49069B0318651731003D003A /* SRWebSocket.m */,
			);
			name = SocketRocket;
			sourceTree = "<group>";
		};
		49069B0D186517DC003D003A /* SocketIO */ = {
			isa = PBXGroup;
			children = (
				4950412E198593B1002DE44C /* SocketIO.h */,
				4950412F198593B1002DE44C /* SocketIO.m */,
				49504130198593B1002DE44C /* SocketIOJSONSerialization.h */,
				49504131198593B1002DE44C /* SocketIOJSONSerialization.m */,
				49504132198593B1002DE44C /* SocketIOPacket.h */,
				49504133198593B1002DE44C /* SocketIOPacket.m */,
				49504134198593B1002DE44C /* SocketIOTransport.h */,
				49504135198593B1002DE44C /* SocketIOTransportWebsocket.h */,
				49504136198593B1002DE44C /* SocketIOTransportWebsocket.m */,
				49504137198593B1002DE44C /* SocketIOTransportXHR.h */,
				49504138198593B1002DE44C /* SocketIOTransportXHR.m */,
			);
			name = SocketIO;
			sourceTree = "<group>";
		};
		49069B3E18657D14003D003A /* Login */ = {
			isa = PBXGroup;
			children = (
				4954FAFE18D3AAA40083D07F /* FZZInputPhoneViewController.h */,
				4954FAFF18D3AAA40083D07F /* FZZInputPhoneViewController.m */,
				4954FB0018D3AAA40083D07F /* FZZInputPhoneViewController.xib */,
				496C790919AE5DD60052C3C4 /* FZZInputPhoneTableViewController.h */,
				496C790A19AE5DD60052C3C4 /* FZZInputPhoneTableViewController.m */,
				496C790619AE5B4F0052C3C4 /* FZZInputPhoneTableViewCell.h */,
				496C790719AE5B4F0052C3C4 /* FZZInputPhoneTableViewCell.m */,
				496C790419AE55870052C3C4 /* FZZInputPhoneTableViewCell.xib */,
				4950411A1984826F002DE44C /* FZZInputVerificationCodeViewController.h */,
				4950411B1984826F002DE44C /* FZZInputVerificationCodeViewController.m */,
				4925ED841984533F0024247C /* FZZInputVerificationCodeViewController.xib */,
				4925ED81198439B40024247C /* FZZLoginDelegate.h */,
				4925ED82198439B40024247C /* FZZLoginDelegate.m */,
			);
			name = Login;
			sourceTree = "<group>";
		};
		493B074819898ED200EC61E4 /* Chat View */ = {
			isa = PBXGroup;
			children = (
				499A8E7918CD32B000842EA7 /* Chat Cells */,
				493B074919898F0600EC61E4 /* FZZChatScreenCell.h */,
				493B074A19898F0600EC61E4 /* FZZChatScreenCell.m */,
				493B074C19898F3D00EC61E4 /* FZZChatScreenTableViewController.h */,
				493B074D19898F3D00EC61E4 /* FZZChatScreenTableViewController.m */,
			);
			name = "Chat View";
			sourceTree = "<group>";
		};
		493B075219898F8D00EC61E4 /* Invite View */ = {
			isa = PBXGroup;
			children = (
				49164A8819E2033000913A66 /* FZZContactSelectionDelegate.h */,
				49164A8919E2033000913A66 /* FZZContactSelectionDelegate.m */,
				49C789A219A2849B004EA886 /* FZZContactDelegate.h */,
				49C789A319A2849B004EA886 /* FZZContactDelegate.m */,
				49C78984199D2BE2004EA886 /* Guest List */,
				49C7899B19A24945004EA886 /* Invite Search Bar */,
				49C78985199D2C18004EA886 /* Contact List */,
			);
			name = "Invite View";
			sourceTree = "<group>";
		};
		4954FB1B18D4F0900083D07F /* InviteViewOLD */ = {
			isa = PBXGroup;
			children = (
				4921FD3A1943C8400086266E /* FZZBounceTableView.h */,
				4921FD3B1943C8400086266E /* FZZBounceTableView.m */,
				49EEEA8C18D8D37300BDA605 /* FZZPhoneInputCell.h */,
				49EEEA8D18D8D37300BDA605 /* FZZPhoneInputCell.m */,
				49EEEA8918D8D1E600BDA605 /* FZZPhoneInputCell.xib */,
				49EEEA8F18D932F000BDA605 /* FZZBackspaceResignTextField.h */,
				49EEEA9018D932F000BDA605 /* FZZBackspaceResignTextField.m */,
				49EEEA9518D972FB00BDA605 /* FZZTextViewWithPlaceholder.h */,
				49EEEA9618D972FB00BDA605 /* FZZTextViewWithPlaceholder.m */,
				4954FB1E18D4F1000083D07F /* FZZInviteCell.h */,
				4954FB1F18D4F1010083D07F /* FZZInviteCell.m */,
				4954FB1C18D4F0A30083D07F /* FZZInviteCell.xib */,
			);
			name = InviteViewOLD;
			sourceTree = "<group>";
		};
		495E9D23187BAD83008F7CC7 /* Main View */ = {
			isa = PBXGroup;
			children = (
				497F349218E07EE300B70FD4 /* Buttons */,
				49C8B0E91888B3C500400832 /* Event Cells */,
				4922701F18CA1CA600816AD4 /* FZZEventsViewController.h */,
				4922702018CA1CA600816AD4 /* FZZEventsViewController.m */,
				496B87B7190D8B2600E100FB /* Unused */,
			);
			name = "Main View";
			sourceTree = "<group>";
		};
		496B87B4190D86B700E100FB /* Fizz Objects */ = {
			isa = PBXGroup;
			children = (
				4994FCF51929D23900BD2FB8 /* FZZCoordinate.h */,
				4994FCF61929D23900BD2FB8 /* FZZCoordinate.m */,
				4994FCFB1929D2C000BD2FB8 /* FZZEvent.h */,
				4994FCFC1929D2C000BD2FB8 /* FZZEvent.m */,
				4994FCFE1929D2D800BD2FB8 /* FZZMessage.h */,
				4994FCFF1929D2D800BD2FB8 /* FZZMessage.m */,
				4994FD011929D2EE00BD2FB8 /* FZZUser.h */,
				4994FD021929D2EE00BD2FB8 /* FZZUser.m */,
				49BCC49A192D2FAA0085CE16 /* FZZCluster.h */,
				49BCC49B192D2FAA0085CE16 /* FZZCluster.m */,
			);
			name = "Fizz Objects";
			sourceTree = "<group>";
		};
		496B87B5190D872A00E100FB /* PhoneNumberFormatter */ = {
			isa = PBXGroup;
			children = (
				4954FB0618D3AB800083D07F /* PhoneNumberFormatter.h */,
				4954FB0718D3AB800083D07F /* PhoneNumberFormatter.m */,
			);
			name = PhoneNumberFormatter;
			sourceTree = "<group>";
		};
		496B87B6190D89E400E100FB /* Speech Bubble */ = {
			isa = PBXGroup;
			children = (
				495E9D26187BAF98008F7CC7 /* FZZSpeechBubble.h */,
				495E9D27187BAF98008F7CC7 /* FZZSpeechBubble.m */,
			);
			name = "Speech Bubble";
			sourceTree = "<group>";
		};
		496B87B7190D8B2600E100FB /* Unused */ = {
			isa = PBXGroup;
			children = (
				496B87B6190D89E400E100FB /* Speech Bubble */,
			);
			name = Unused;
			sourceTree = "<group>";
		};
		497F349218E07EE300B70FD4 /* Buttons */ = {
			isa = PBXGroup;
			children = (
				49191D7419D5D9330009D290 /* FZZAttendingButton.h */,
				49191D7519D5D9330009D290 /* FZZAttendingButton.m */,
				49F524D318E212840019C5DF /* FZZNavIcon.h */,
				49F524D418E212840019C5DF /* FZZNavIcon.m */,
				497F349318E07F1200B70FD4 /* FZZInviteGuestButton.h */,
				497F349418E07F1200B70FD4 /* FZZInviteGuestButton.m */,
			);
			name = Buttons;
			sourceTree = "<group>";
		};
		49958A611932B64B00C8F6E1 /* Event Subviews */ = {
			isa = PBXGroup;
			children = (
				493B074F19898F6900EC61E4 /* FZZEventMainCell.h */,
				493B075019898F6900EC61E4 /* FZZEventMainCell.m */,
				49B562F61993CF3E008302E5 /* Description Screen */,
				493B075219898F8D00EC61E4 /* Invite View */,
				493B074819898ED200EC61E4 /* Chat View */,
				492E5D7E19327E5800359F11 /* FZZExpandedEventCell.h */,
				492E5D7F19327E5800359F11 /* FZZExpandedEventCell.m */,
				49958A5E1932B64400C8F6E1 /* FZZExpandedVerticalTableViewController.h */,
				49958A5F1932B64400C8F6E1 /* FZZExpandedVerticalTableViewController.m */,
				49A4C51319C5E2B200F5EC1C /* FZZScrollDetector.h */,
				49A4C51419C5E2B300F5EC1C /* FZZScrollDetector.m */,
				49CD064919BF4D26004E0C71 /* FZZPage.h */,
				49CD064A19BF4D26004E0C71 /* FZZPage.m */,
				4954FB1B18D4F0900083D07F /* InviteViewOLD */,
			);
			name = "Event Subviews";
			sourceTree = "<group>";
		};
		49960E3A1A1DB61700BB557F /* TestFlightSDK3.0.2 */ = {
			isa = PBXGroup;
			children = (
				49960E3B1A1DB61700BB557F /* libTestFlight.a */,
				49960E3C1A1DB61700BB557F /* README.md */,
				49960E3D1A1DB61700BB557F /* release_notes.md */,
				49960E3E1A1DB61700BB557F /* TestFlight+AsyncLogging.h */,
				49960E3F1A1DB61700BB557F /* TestFlight+ManualSessions.h */,
				49960E401A1DB61700BB557F /* TestFlight.h */,
			);
			path = TestFlightSDK3.0.2;
			sourceTree = "<group>";
		};
		499A8E7918CD32B000842EA7 /* Chat Cells */ = {
			isa = PBXGroup;
			children = (
				499A8E7D18CD336800842EA7 /* FZZUserMessageCell.h */,
				499A8E7E18CD336800842EA7 /* FZZUserMessageCell.m */,
				499A8E8018CD337B00842EA7 /* FZZUserMessageCell.xib */,
				49AA438E18E8FBEC006D6830 /* FZZServerMessageCell.h */,
				49AA438F18E8FBEC006D6830 /* FZZServerMessageCell.m */,
				49AA439118E8FBFE006D6830 /* FZZServerMessageCell.xib */,
				49A31F5918CF5E3A001214B9 /* FZZEnterMessagePrototypeViewController.h */,
				49A31F5A18CF5E3A001214B9 /* FZZEnterMessagePrototypeViewController.m */,
				49A31F5B18CF5E3A001214B9 /* FZZEnterMessagePrototypeViewController.xib */,
			);
			name = "Chat Cells";
			sourceTree = "<group>";
		};
		49AAFC2D18CBD3810029A07C /* Products */ = {
			isa = PBXGroup;
			children = (
				4964C7BC18CBFCD60099E5C6 /* libMapBox.a */,
				4964C7BE18CBFCD60099E5C6 /* MapBox.bundle */,
			);
			name = Products;
			sourceTree = "<group>";
		};
		49B562F61993CF3E008302E5 /* Description Screen */ = {
			isa = PBXGroup;
			children = (
				49B562F71993CF5F008302E5 /* FZZDescriptionScreenTableViewCell.h */,
				49B562F81993CF5F008302E5 /* FZZDescriptionScreenTableViewCell.m */,
			);
			name = "Description Screen";
			sourceTree = "<group>";
		};
		49C78984199D2BE2004EA886 /* Guest List */ = {
			isa = PBXGroup;
			children = (
				49C7899519A2461B004EA886 /* FZZGuestListScreenTableViewCell.h */,
				49C7899619A2461B004EA886 /* FZZGuestListScreenTableViewCell.m */,
				493B075619898FC500EC61E4 /* FZZGuestListScreenTableViewController.h */,
				493B075719898FC500EC61E4 /* FZZGuestListScreenTableViewController.m */,
				493A80B1199D0C6F004DE319 /* FZZGuestListTableViewCell.h */,
				493A80B2199D0C6F004DE319 /* FZZGuestListTableViewCell.m */,
			);
			name = "Guest List";
			sourceTree = "<group>";
		};
		49C78985199D2C18004EA886 /* Contact List */ = {
			isa = PBXGroup;
			children = (
				49C78986199D2C4F004EA886 /* FZZContactListScreenTableViewCell.h */,
				49C78987199D2C4F004EA886 /* FZZContactListScreenTableViewCell.m */,
				49C7898C199D2CF3004EA886 /* FZZContactsTableViewController.h */,
				49C7898D199D2CF3004EA886 /* FZZContactsTableViewController.m */,
				49C78989199D2CD9004EA886 /* FZZContactTableViewCell.h */,
				49C7898A199D2CD9004EA886 /* FZZContactTableViewCell.m */,
			);
			name = "Contact List";
			sourceTree = "<group>";
		};
		49C7899B19A24945004EA886 /* Invite Search Bar */ = {
			isa = PBXGroup;
			children = (
				49C7899C19A24966004EA886 /* FZZInviteSearchBarView.h */,
				49C7899D19A24966004EA886 /* FZZInviteSearchBarView.m */,
			);
			name = "Invite Search Bar";
			sourceTree = "<group>";
		};
		49C8B0E91888B3C500400832 /* Event Cells */ = {
			isa = PBXGroup;
			children = (
				49C8B1531889F08600400832 /* FZZEventCell.h */,
				49C8B1541889F08600400832 /* FZZEventCell.m */,
				49958A611932B64B00C8F6E1 /* Event Subviews */,
				4954FB0918D4BD280083D07F /* FZZExpandedNewEventCell.h */,
				4954FB0A18D4BD280083D07F /* FZZExpandedNewEventCell.m */,
			);
			name = "Event Cells";
			sourceTree = "<group>";
		};
		49D5C993186042C2002BB1F0 = {
			isa = PBXGroup;
			children = (
				49960E3A1A1DB61700BB557F /* TestFlightSDK3.0.2 */,
				49D5C9A5186042C2002BB1F0 /* Let's */,
				49D5C9BE186042C2002BB1F0 /* Let'sTests */,
				49D5C99E186042C2002BB1F0 /* Frameworks */,
				49D5C99D186042C2002BB1F0 /* Products */,
				5D9F535A370840F8A55F2F95 /* Pods.xcconfig */,
			);
			sourceTree = "<group>";
		};
		49D5C99D186042C2002BB1F0 /* Products */ = {
			isa = PBXGroup;
			children = (
				49D5C99C186042C2002BB1F0 /* Let's.app */,
				49D5C9B7186042C2002BB1F0 /* Let'sTests.xctest */,
			);
			name = Products;
			sourceTree = "<group>";
		};
		49D5C99E186042C2002BB1F0 /* Frameworks */ = {
			isa = PBXGroup;
			children = (
				4919DDD9195E86450043A669 /* IAThreadSafeCoreData.framework */,
				492E5D78192EE6BB00359F11 /* libc++.dylib */,
				49B1C17A18E4C6F8007C5D44 /* AddressBook.framework */,
				49B1C17718E4C6F2007C5D44 /* AddressBookUI.framework */,
				498E5E6D18B42CB300487898 /* FacebookSDK.framework */,
				49E9843E187268B800D37B2A /* AdSupport.framework */,
				49E9843C1872687400D37B2A /* AssetsLibrary.framework */,
				49E9843118723D3300D37B2A /* Social.framework */,
				49E983E9186A5C7900D37B2A /* libz.dylib */,
				49E983E7186A5C6C00D37B2A /* libsqlite3.dylib */,
				49E983E5186A5C5700D37B2A /* QuartzCore.framework */,
				49E983E3186A5C4D00D37B2A /* CoreLocation.framework */,
				49069B0B18651775003D003A /* libicucore.dylib */,
				49069B091865176A003D003A /* CFNetwork.framework */,
				49069B0718651762003D003A /* Security.framework */,
				49D5C99F186042C2002BB1F0 /* Foundation.framework */,
				49D5C9A1186042C2002BB1F0 /* CoreGraphics.framework */,
				49D5C9A3186042C2002BB1F0 /* UIKit.framework */,
				49D5C9B8186042C2002BB1F0 /* XCTest.framework */,
				77ABE3261F854F65A5295960 /* libPods.a */,
			);
			name = Frameworks;
			sourceTree = "<group>";
		};
		49D5C9A5186042C2002BB1F0 /* Let's */ = {
			isa = PBXGroup;
			children = (
				49D5C9F018605960002BB1F0 /* Utils */,
				49D5C9AE186042C2002BB1F0 /* FZZAppDelegate.h */,
				49D5C9AF186042C2002BB1F0 /* FZZAppDelegate.m */,
				49069B3E18657D14003D003A /* Login */,
				49F524D018E1C3040019C5DF /* FZZOverlayView.h */,
				49F524D118E1C3040019C5DF /* FZZOverlayView.m */,
				495E9D23187BAD83008F7CC7 /* Main View */,
				49D5C9B1186042C2002BB1F0 /* Images.xcassets */,
				49D5C9A6186042C2002BB1F0 /* Supporting Files */,
			);
			name = "Let's";
			path = Fizz;
			sourceTree = "<group>";
		};
		49D5C9A6186042C2002BB1F0 /* Supporting Files */ = {
			isa = PBXGroup;
			children = (
				49D5C9A7186042C2002BB1F0 /* Let's-Info.plist */,
				49D5C9A8186042C2002BB1F0 /* InfoPlist.strings */,
				49D5C9AB186042C2002BB1F0 /* main.m */,
				49D5C9AD186042C2002BB1F0 /* Let's-Prefix.pch */,
			);
			name = "Supporting Files";
			sourceTree = "<group>";
		};
		49D5C9BE186042C2002BB1F0 /* Let'sTests */ = {
			isa = PBXGroup;
			children = (
				49D5C9C4186042C2002BB1F0 /* FizzTests.m */,
				49D5C9BF186042C2002BB1F0 /* Supporting Files */,
			);
			name = "Let'sTests";
			path = FizzTests;
			sourceTree = "<group>";
		};
		49D5C9BF186042C2002BB1F0 /* Supporting Files */ = {
			isa = PBXGroup;
			children = (
				49D5C9C0186042C2002BB1F0 /* Let'sTests-Info.plist */,
				49D5C9C1186042C2002BB1F0 /* InfoPlist.strings */,
			);
			name = "Supporting Files";
			sourceTree = "<group>";
		};
		49D5C9DB1860470E002BB1F0 /* Internal */ = {
			isa = PBXGroup;
			children = (
				496B87B5190D872A00E100FB /* PhoneNumberFormatter */,
				496B87B4190D86B700E100FB /* Fizz Objects */,
				4925ED7E197DAF1D0024247C /* FZZLocalCache.h */,
				4925ED7F197DAF1D0024247C /* FZZLocalCache.m */,
				493B073E1987FC4600EC61E4 /* FZZUtilities.h */,
				493B073F1987FC4600EC61E4 /* FZZUtilities.m */,
				49C78992199D9D2B004EA886 /* FZZFadedEdgeTableViewController.h */,
				49C78993199D9D2B004EA886 /* FZZFadedEdgeTableViewController.m */,
				49C7899F19A24AD5004EA886 /* FZZCustomPlaceholderTextField.h */,
				49C789A019A24AD5004EA886 /* FZZCustomPlaceholderTextField.m */,
				496C790C19B0E6400052C3C4 /* FZZUnderlinedTextField.h */,
				496C790D19B0E6400052C3C4 /* FZZUnderlinedTextField.m */,
				49E121F219CF5B8E00C3190B /* Pin Field */,
			);
			name = Internal;
			sourceTree = "<group>";
		};
		49D5C9DF186048A3002BB1F0 /* External */ = {
			isa = PBXGroup;
			children = (
				49069B0D186517DC003D003A /* SocketIO */,
				49069AFC18651710003D003A /* SocketRocket */,
				49D5E6C818616A56002BB1F0 /* Node */,
				49D5C9E418604CD1002BB1F0 /* JSON */,
				49D5C9E318604CCB002BB1F0 /* Reachability */,
			);
			name = External;
			sourceTree = "<group>";
		};
		49D5C9E318604CCB002BB1F0 /* Reachability */ = {
			isa = PBXGroup;
			children = (
				49D5C9E018604973002BB1F0 /* FZZ_Reachability.h */,
				49D5C9E118604973002BB1F0 /* FZZ_Reachability.m */,
			);
			name = Reachability;
			sourceTree = "<group>";
		};
		49D5C9E418604CD1002BB1F0 /* JSON */ = {
			isa = PBXGroup;
			children = (
				49069B6D18661555003D003A /* SBJson4.h */,
				49069B6E18661555003D003A /* SBJson4StreamWriterState.m */,
				49069B6F18661555003D003A /* SBJson4StreamWriterState.h */,
				49069B7018661555003D003A /* SBJson4StreamParserState.h */,
				49069B7118661555003D003A /* SBJson4StreamWriter.h */,
				49069B7218661555003D003A /* SBJson4StreamWriter.m */,
				49069B7318661555003D003A /* SBJson4StreamParser.h */,
				49069B7418661555003D003A /* SBJson4Parser.h */,
				49069B7518661555003D003A /* SBJson4StreamParser.m */,
				49069B7618661555003D003A /* SBJson4Parser.m */,
				49069B7718661555003D003A /* SBJson4Writer.m */,
				49069B7818661555003D003A /* SBJson4Writer.h */,
				49069B7918661555003D003A /* SBJson4StreamParserState.m */,
				49069B7A18661555003D003A /* SBJson4StreamTokeniser.m */,
				49069B7B18661555003D003A /* SBJson4StreamTokeniser.h */,
			);
			name = JSON;
			sourceTree = "<group>";
		};
		49D5C9F018605960002BB1F0 /* Utils */ = {
			isa = PBXGroup;
			children = (
				49D5C9DB1860470E002BB1F0 /* Internal */,
				49D5C9DF186048A3002BB1F0 /* External */,
				49069B1E18651FFA003D003A /* FZZSocketIODelegate.h */,
				49069B1F18651FFA003D003A /* FZZSocketIODelegate.m */,
				4925ED86198466BF0024247C /* FZZAjaxPostDelegate.h */,
				4925ED87198466BF0024247C /* FZZAjaxPostDelegate.m */,
				4950413E1986F292002DE44C /* FZZLocationManager.h */,
				4950413F1986F292002DE44C /* FZZLocationManager.m */,
				493B074519897ED400EC61E4 /* FZZKeyboardNotificationCenter.h */,
				493B074619897ED400EC61E4 /* FZZKeyboardNotificationCenter.m */,
			);
			name = Utils;
			sourceTree = "<group>";
		};
		49D5E6C818616A56002BB1F0 /* Node */ = {
			isa = PBXGroup;
			children = (
				49D5E6C918616A56002BB1F0 /* datakit.js */,
				49D5E6CA18616A56002BB1F0 /* package.json */,
				49D5E6CB18616A56002BB1F0 /* run.js */,
				49D5E6CC18616A56002BB1F0 /* util */,
			);
			name = Node;
			path = "DataKit-master/Node";
			sourceTree = SOURCE_ROOT;
		};
		49D5E6CC18616A56002BB1F0 /* util */ = {
			isa = PBXGroup;
			children = (
				49D5E6CD18616A56002BB1F0 /* gen_ssl_cert.sh */,
			);
			path = util;
			sourceTree = "<group>";
		};
		49E121F219CF5B8E00C3190B /* Pin Field */ = {
			isa = PBXGroup;
			children = (
				496C791519B15DA10052C3C4 /* FZZPinTextField.h */,
				496C791619B15DA10052C3C4 /* FZZPinTextField.m */,
				496C791819B15FE70052C3C4 /* FZZPinNumberLabel.h */,
				496C791919B15FE70052C3C4 /* FZZPinNumberLabel.m */,
				496C791C19B2297F0052C3C4 /* FZZPinDotView.h */,
				496C791D19B2297F0052C3C4 /* FZZPinDotView.m */,
			);
			name = "Pin Field";
			sourceTree = "<group>";
		};
/* End PBXGroup section */

/* Begin PBXNativeTarget section */
		49D5C99B186042C2002BB1F0 /* Let's */ = {
			isa = PBXNativeTarget;
			buildConfigurationList = 49D5C9C8186042C2002BB1F0 /* Build configuration list for PBXNativeTarget "Let's" */;
			buildPhases = (
				4A62913C6E414BD4979181C2 /* Check Pods Manifest.lock */,
				49D5C998186042C2002BB1F0 /* Sources */,
				49D5C999186042C2002BB1F0 /* Frameworks */,
				49D5C99A186042C2002BB1F0 /* Resources */,
				EA88E24BCB304E37BEA5B93E /* Copy Pods Resources */,
			);
			buildRules = (
			);
			dependencies = (
			);
			name = "Let's";
			productName = Beacon;
			productReference = 49D5C99C186042C2002BB1F0 /* Let's.app */;
			productType = "com.apple.product-type.application";
		};
		49D5C9B6186042C2002BB1F0 /* Let'sTests */ = {
			isa = PBXNativeTarget;
			buildConfigurationList = 49D5C9CB186042C2002BB1F0 /* Build configuration list for PBXNativeTarget "Let'sTests" */;
			buildPhases = (
				49D5C9B3186042C2002BB1F0 /* Sources */,
				49D5C9B4186042C2002BB1F0 /* Frameworks */,
				49D5C9B5186042C2002BB1F0 /* Resources */,
			);
			buildRules = (
			);
			dependencies = (
				49D5C9BD186042C2002BB1F0 /* PBXTargetDependency */,
			);
			name = "Let'sTests";
			productName = BeaconTests;
			productReference = 49D5C9B7186042C2002BB1F0 /* Let'sTests.xctest */;
			productType = "com.apple.product-type.bundle.unit-test";
		};
/* End PBXNativeTarget section */

/* Begin PBXProject section */
		49D5C994186042C2002BB1F0 /* Project object */ = {
			isa = PBXProject;
			attributes = {
				CLASSPREFIX = FZZ;
				LastUpgradeCheck = 0500;
				ORGANIZATIONNAME = "Off Brand";
				TargetAttributes = {
					49D5C99B186042C2002BB1F0 = {
						DevelopmentTeam = LVXPU6ZL2V;
					};
					49D5C9B6186042C2002BB1F0 = {
						TestTargetID = 49D5C99B186042C2002BB1F0;
					};
				};
			};
			buildConfigurationList = 49D5C997186042C2002BB1F0 /* Build configuration list for PBXProject "Let's" */;
			compatibilityVersion = "Xcode 3.2";
			developmentRegion = English;
			hasScannedForEncodings = 0;
			knownRegions = (
				en,
			);
			mainGroup = 49D5C993186042C2002BB1F0;
			productRefGroup = 49D5C99D186042C2002BB1F0 /* Products */;
			projectDirPath = "";
			projectReferences = (
				{
					ProductGroup = 49AAFC2D18CBD3810029A07C /* Products */;
					ProjectRef = 49AAFC2B18CBD3260029A07C /* MapView.xcodeproj */;
				},
			);
			projectRoot = "";
			targets = (
				49D5C99B186042C2002BB1F0 /* Let's */,
				49D5C9B6186042C2002BB1F0 /* Let'sTests */,
			);
		};
/* End PBXProject section */

/* Begin PBXReferenceProxy section */
		4964C7BC18CBFCD60099E5C6 /* libMapBox.a */ = {
			isa = PBXReferenceProxy;
			fileType = archive.ar;
			path = libMapBox.a;
			remoteRef = 4964C7BB18CBFCD60099E5C6 /* PBXContainerItemProxy */;
			sourceTree = BUILT_PRODUCTS_DIR;
		};
		4964C7BE18CBFCD60099E5C6 /* MapBox.bundle */ = {
			isa = PBXReferenceProxy;
			fileType = wrapper.cfbundle;
			path = MapBox.bundle;
			remoteRef = 4964C7BD18CBFCD60099E5C6 /* PBXContainerItemProxy */;
			sourceTree = BUILT_PRODUCTS_DIR;
		};
/* End PBXReferenceProxy section */

/* Begin PBXResourcesBuildPhase section */
		49D5C99A186042C2002BB1F0 /* Resources */ = {
			isa = PBXResourcesBuildPhase;
			buildActionMask = 2147483647;
			files = (
				496C790519AE55870052C3C4 /* FZZInputPhoneTableViewCell.xib in Resources */,
				4954FB1D18D4F0A30083D07F /* FZZInviteCell.xib in Resources */,
				49D5E6D318616A56002BB1F0 /* datakit.js in Resources */,
				49D5E6D518616A56002BB1F0 /* run.js in Resources */,
				499A8E8118CD337B00842EA7 /* FZZUserMessageCell.xib in Resources */,
				49D5E6D418616A56002BB1F0 /* package.json in Resources */,
				4925ED851984533F0024247C /* FZZInputVerificationCodeViewController.xib in Resources */,
				49D5C9AA186042C2002BB1F0 /* InfoPlist.strings in Resources */,
				4954FB0218D3AAA40083D07F /* FZZInputPhoneViewController.xib in Resources */,
				49D5C9B2186042C2002BB1F0 /* Images.xcassets in Resources */,
				49AA439218E8FBFE006D6830 /* FZZServerMessageCell.xib in Resources */,
				49D5E6D618616A56002BB1F0 /* gen_ssl_cert.sh in Resources */,
				49A31F5D18CF5E3A001214B9 /* FZZEnterMessagePrototypeViewController.xib in Resources */,
				49EEEA8A18D8D1E600BDA605 /* FZZPhoneInputCell.xib in Resources */,
			);
			runOnlyForDeploymentPostprocessing = 0;
		};
		49D5C9B5186042C2002BB1F0 /* Resources */ = {
			isa = PBXResourcesBuildPhase;
			buildActionMask = 2147483647;
			files = (
				49D5C9C3186042C2002BB1F0 /* InfoPlist.strings in Resources */,
			);
			runOnlyForDeploymentPostprocessing = 0;
		};
/* End PBXResourcesBuildPhase section */

/* Begin PBXShellScriptBuildPhase section */
		4A62913C6E414BD4979181C2 /* Check Pods Manifest.lock */ = {
			isa = PBXShellScriptBuildPhase;
			buildActionMask = 2147483647;
			files = (
			);
			inputPaths = (
			);
			name = "Check Pods Manifest.lock";
			outputPaths = (
			);
			runOnlyForDeploymentPostprocessing = 0;
			shellPath = /bin/sh;
			shellScript = "diff \"${PODS_ROOT}/../Podfile.lock\" \"${PODS_ROOT}/Manifest.lock\" > /dev/null\nif [[ $? != 0 ]] ; then\n    cat << EOM\nerror: The sandbox is not in sync with the Podfile.lock. Run 'pod install' or update your CocoaPods installation.\nEOM\n    exit 1\nfi\n";
			showEnvVarsInLog = 0;
		};
		EA88E24BCB304E37BEA5B93E /* Copy Pods Resources */ = {
			isa = PBXShellScriptBuildPhase;
			buildActionMask = 2147483647;
			files = (
			);
			inputPaths = (
			);
			name = "Copy Pods Resources";
			outputPaths = (
			);
			runOnlyForDeploymentPostprocessing = 0;
			shellPath = /bin/sh;
			shellScript = "\"${SRCROOT}/Pods/Pods-resources.sh\"\n";
			showEnvVarsInLog = 0;
		};
/* End PBXShellScriptBuildPhase section */

/* Begin PBXSourcesBuildPhase section */
		49D5C998186042C2002BB1F0 /* Sources */ = {
			isa = PBXSourcesBuildPhase;
			buildActionMask = 2147483647;
			files = (
				4950413A198593B1002DE44C /* SocketIOJSONSerialization.m in Sources */,
				49504139198593B1002DE44C /* SocketIO.m in Sources */,
				49069B2018651FFA003D003A /* FZZSocketIODelegate.m in Sources */,
				49F524D518E212840019C5DF /* FZZNavIcon.m in Sources */,
				49960E431A1DB61700BB557F /* release_notes.md in Sources */,
				4954FB0818D3AB800083D07F /* PhoneNumberFormatter.m in Sources */,
				49EEEA9718D972FB00BDA605 /* FZZTextViewWithPlaceholder.m in Sources */,
				49958A601932B64400C8F6E1 /* FZZExpandedVerticalTableViewController.m in Sources */,
				49C7899E19A24966004EA886 /* FZZInviteSearchBarView.m in Sources */,
				49B562F91993CF5F008302E5 /* FZZDescriptionScreenTableViewCell.m in Sources */,
				49C8B1551889F08600400832 /* FZZEventCell.m in Sources */,
				493B075819898FC500EC61E4 /* FZZGuestListScreenTableViewController.m in Sources */,
				49F524D218E1C3040019C5DF /* FZZOverlayView.m in Sources */,
				4954FB2018D4F1010083D07F /* FZZInviteCell.m in Sources */,
				4994FCF71929D23900BD2FB8 /* FZZCoordinate.m in Sources */,
				496C791E19B2297F0052C3C4 /* FZZPinDotView.m in Sources */,
				49C78994199D9D2B004EA886 /* FZZFadedEdgeTableViewController.m in Sources */,
				49069B8218661555003D003A /* SBJson4StreamTokeniser.m in Sources */,
				4954FB0B18D4BD280083D07F /* FZZExpandedNewEventCell.m in Sources */,
				4994FD001929D2D800BD2FB8 /* FZZMessage.m in Sources */,
				493B074719897ED400EC61E4 /* FZZKeyboardNotificationCenter.m in Sources */,
				49AA439018E8FBEC006D6830 /* FZZServerMessageCell.m in Sources */,
				49069B8118661555003D003A /* SBJson4StreamParserState.m in Sources */,
				49A31F5C18CF5E3A001214B9 /* FZZEnterMessagePrototypeViewController.m in Sources */,
				4994FD031929D2EE00BD2FB8 /* FZZUser.m in Sources */,
				49D5C9E218604973002BB1F0 /* FZZ_Reachability.m in Sources */,
				49069B0618651731003D003A /* SRWebSocket.m in Sources */,
				49D5C9AC186042C2002BB1F0 /* main.m in Sources */,
				49069B7F18661555003D003A /* SBJson4Parser.m in Sources */,
				496C790819AE5B4F0052C3C4 /* FZZInputPhoneTableViewCell.m in Sources */,
				4925ED83198439B40024247C /* FZZLoginDelegate.m in Sources */,
				49D5C9B0186042C2002BB1F0 /* FZZAppDelegate.m in Sources */,
				49164A8A19E2033000913A66 /* FZZContactSelectionDelegate.m in Sources */,
				49069B0518651731003D003A /* NSData+SRB64Additions.m in Sources */,
				4950413B198593B1002DE44C /* SocketIOPacket.m in Sources */,
				49BCC49C192D2FAA0085CE16 /* FZZCluster.m in Sources */,
				4954FB0118D3AAA40083D07F /* FZZInputPhoneViewController.m in Sources */,
				4921FD3C1943C8400086266E /* FZZBounceTableView.m in Sources */,
				493B074E19898F3D00EC61E4 /* FZZChatScreenTableViewController.m in Sources */,
				4994FCFD1929D2C000BD2FB8 /* FZZEvent.m in Sources */,
				499A8E7F18CD336800842EA7 /* FZZUserMessageCell.m in Sources */,
				496C791A19B15FE70052C3C4 /* FZZPinNumberLabel.m in Sources */,
				495E9D28187BAF98008F7CC7 /* FZZSpeechBubble.m in Sources */,
				493B074B19898F0600EC61E4 /* FZZChatScreenCell.m in Sources */,
				49069B8018661555003D003A /* SBJson4Writer.m in Sources */,
				496C790E19B0E6400052C3C4 /* FZZUnderlinedTextField.m in Sources */,
				49CD064B19BF4D26004E0C71 /* FZZPage.m in Sources */,
				49069B7D18661555003D003A /* SBJson4StreamWriter.m in Sources */,
				49EEEA9118D932F000BDA605 /* FZZBackspaceResignTextField.m in Sources */,
				49EEEA8E18D8D37300BDA605 /* FZZPhoneInputCell.m in Sources */,
				495041401986F292002DE44C /* FZZLocationManager.m in Sources */,
				4950411C1984826F002DE44C /* FZZInputVerificationCodeViewController.m in Sources */,
				497F349518E07F1200B70FD4 /* FZZInviteGuestButton.m in Sources */,
				49C789A119A24AD5004EA886 /* FZZCustomPlaceholderTextField.m in Sources */,
				496C790B19AE5DD60052C3C4 /* FZZInputPhoneTableViewController.m in Sources */,
				4950413C198593B1002DE44C /* SocketIOTransportWebsocket.m in Sources */,
				49C7898E199D2CF3004EA886 /* FZZContactsTableViewController.m in Sources */,
				492E5D8019327E5800359F11 /* FZZExpandedEventCell.m in Sources */,
				49C789A419A2849B004EA886 /* FZZContactDelegate.m in Sources */,
				4922702118CA1CA600816AD4 /* FZZEventsViewController.m in Sources */,
				4925ED80197DAF1D0024247C /* FZZLocalCache.m in Sources */,
				49069B7E18661555003D003A /* SBJson4StreamParser.m in Sources */,
				49069B0418651731003D003A /* base64.c in Sources */,
				493A80B3199D0C6F004DE319 /* FZZGuestListTableViewCell.m in Sources */,
				496C791719B15DA10052C3C4 /* FZZPinTextField.m in Sources */,
				49C7899719A2461B004EA886 /* FZZGuestListScreenTableViewCell.m in Sources */,
				493B075119898F6900EC61E4 /* FZZEventMainCell.m in Sources */,
				493B07401987FC4600EC61E4 /* FZZUtilities.m in Sources */,
				49C78988199D2C4F004EA886 /* FZZContactListScreenTableViewCell.m in Sources */,
				4925ED88198466BF0024247C /* FZZAjaxPostDelegate.m in Sources */,
				49960E421A1DB61700BB557F /* README.md in Sources */,
				49A4C51519C5E2B300F5EC1C /* FZZScrollDetector.m in Sources */,
				49069B7C18661555003D003A /* SBJson4StreamWriterState.m in Sources */,
				4950413D198593B1002DE44C /* SocketIOTransportXHR.m in Sources */,
				49C7898B199D2CD9004EA886 /* FZZContactTableViewCell.m in Sources */,
				49191D7619D5D9330009D290 /* FZZAttendingButton.m in Sources */,
			);
			runOnlyForDeploymentPostprocessing = 0;
		};
		49D5C9B3186042C2002BB1F0 /* Sources */ = {
			isa = PBXSourcesBuildPhase;
			buildActionMask = 2147483647;
			files = (
				49D5C9C5186042C2002BB1F0 /* FizzTests.m in Sources */,
			);
			runOnlyForDeploymentPostprocessing = 0;
		};
/* End PBXSourcesBuildPhase section */

/* Begin PBXTargetDependency section */
		49D5C9BD186042C2002BB1F0 /* PBXTargetDependency */ = {
			isa = PBXTargetDependency;
			target = 49D5C99B186042C2002BB1F0 /* Let's */;
			targetProxy = 49D5C9BC186042C2002BB1F0 /* PBXContainerItemProxy */;
		};
/* End PBXTargetDependency section */

/* Begin PBXVariantGroup section */
		49D5C9A8186042C2002BB1F0 /* InfoPlist.strings */ = {
			isa = PBXVariantGroup;
			children = (
				49D5C9A9186042C2002BB1F0 /* en */,
			);
			name = InfoPlist.strings;
			sourceTree = "<group>";
		};
		49D5C9C1186042C2002BB1F0 /* InfoPlist.strings */ = {
			isa = PBXVariantGroup;
			children = (
				49D5C9C2186042C2002BB1F0 /* en */,
			);
			name = InfoPlist.strings;
			sourceTree = "<group>";
		};
/* End PBXVariantGroup section */

/* Begin XCBuildConfiguration section */
		49D5C9C6186042C2002BB1F0 /* Debug */ = {
			isa = XCBuildConfiguration;
			buildSettings = {
				ALWAYS_SEARCH_USER_PATHS = NO;
				CLANG_CXX_LANGUAGE_STANDARD = "gnu++0x";
				CLANG_CXX_LIBRARY = "libc++";
				CLANG_ENABLE_MODULES = YES;
				CLANG_ENABLE_OBJC_ARC = YES;
				CLANG_WARN_BOOL_CONVERSION = YES;
				CLANG_WARN_CONSTANT_CONVERSION = YES;
				CLANG_WARN_DIRECT_OBJC_ISA_USAGE = YES_ERROR;
				CLANG_WARN_EMPTY_BODY = YES;
				CLANG_WARN_ENUM_CONVERSION = YES;
				CLANG_WARN_INT_CONVERSION = YES;
				CLANG_WARN_OBJC_ROOT_CLASS = YES_ERROR;
				CLANG_WARN__DUPLICATE_METHOD_MATCH = YES;
				CODE_SIGN_IDENTITY = "iPhone Distribution: Andrew Sweet (LVXPU6ZL2V)";
				COPY_PHASE_STRIP = NO;
				GCC_C_LANGUAGE_STANDARD = gnu99;
				GCC_DYNAMIC_NO_PIC = NO;
				GCC_OPTIMIZATION_LEVEL = 0;
				GCC_PREPROCESSOR_DEFINITIONS = (
					"DEBUG=1",
					"$(inherited)",
				);
				GCC_SYMBOLS_PRIVATE_EXTERN = NO;
				GCC_WARN_ABOUT_RETURN_TYPE = YES_ERROR;
				GCC_WARN_UNDECLARED_SELECTOR = YES;
				GCC_WARN_UNINITIALIZED_AUTOS = YES;
				GCC_WARN_UNUSED_FUNCTION = YES;
				GCC_WARN_UNUSED_VARIABLE = YES;
				IPHONEOS_DEPLOYMENT_TARGET = 7.0;
				ONLY_ACTIVE_ARCH = YES;
				SDKROOT = iphoneos;
				TARGETED_DEVICE_FAMILY = "1,2";
			};
			name = Debug;
		};
		49D5C9C7186042C2002BB1F0 /* Release */ = {
			isa = XCBuildConfiguration;
			buildSettings = {
				ALWAYS_SEARCH_USER_PATHS = NO;
				CLANG_CXX_LANGUAGE_STANDARD = "gnu++0x";
				CLANG_CXX_LIBRARY = "libc++";
				CLANG_ENABLE_MODULES = YES;
				CLANG_ENABLE_OBJC_ARC = YES;
				CLANG_WARN_BOOL_CONVERSION = YES;
				CLANG_WARN_CONSTANT_CONVERSION = YES;
				CLANG_WARN_DIRECT_OBJC_ISA_USAGE = YES_ERROR;
				CLANG_WARN_EMPTY_BODY = YES;
				CLANG_WARN_ENUM_CONVERSION = YES;
				CLANG_WARN_INT_CONVERSION = YES;
				CLANG_WARN_OBJC_ROOT_CLASS = YES_ERROR;
				CLANG_WARN__DUPLICATE_METHOD_MATCH = YES;
				CODE_SIGN_IDENTITY = "iPhone Distribution: Andrew Sweet (LVXPU6ZL2V)";
				COPY_PHASE_STRIP = YES;
				ENABLE_NS_ASSERTIONS = NO;
				GCC_C_LANGUAGE_STANDARD = gnu99;
				GCC_WARN_ABOUT_RETURN_TYPE = YES_ERROR;
				GCC_WARN_UNDECLARED_SELECTOR = YES;
				GCC_WARN_UNINITIALIZED_AUTOS = YES;
				GCC_WARN_UNUSED_FUNCTION = YES;
				GCC_WARN_UNUSED_VARIABLE = YES;
				IPHONEOS_DEPLOYMENT_TARGET = 7.0;
				SDKROOT = iphoneos;
				TARGETED_DEVICE_FAMILY = "1,2";
				VALIDATE_PRODUCT = YES;
			};
			name = Release;
		};
		49D5C9C9186042C2002BB1F0 /* Debug */ = {
			isa = XCBuildConfiguration;
			baseConfigurationReference = 5D9F535A370840F8A55F2F95 /* Pods.xcconfig */;
			buildSettings = {
				ALWAYS_SEARCH_USER_PATHS = NO;
				ASSETCATALOG_COMPILER_APPICON_NAME = AppIcon;
				ASSETCATALOG_COMPILER_LAUNCHIMAGE_NAME = LaunchImage;
				CODE_SIGN_IDENTITY = "iPhone Developer";
				"CODE_SIGN_IDENTITY[sdk=iphoneos*]" = "iPhone Developer";
				FRAMEWORK_SEARCH_PATHS = "";
				GCC_PRECOMPILE_PREFIX_HEADER = YES;
				GCC_PREFIX_HEADER = "Fizz/Let's-Prefix.pch";
				HEADER_SEARCH_PATHS = "$(inherited)";
				INFOPLIST_FILE = "Fizz/Let's-Info.plist";
				LIBRARY_SEARCH_PATHS = (
					"$(SRCROOT)/**",
					"$(PROJECT_DIR)/TestFlightSDK3.0.2",
				);
				ONLY_ACTIVE_ARCH = NO;
				OTHER_CFLAGS = "$(inherited)";
				OTHER_LDFLAGS = "-lc++";
				PRODUCT_NAME = "Let's";
				PROVISIONING_PROFILE = "";
				TARGETED_DEVICE_FAMILY = 1;
				USER_HEADER_SEARCH_PATHS = "";
				WRAPPER_EXTENSION = app;
			};
			name = Debug;
		};
		49D5C9CA186042C2002BB1F0 /* Release */ = {
			isa = XCBuildConfiguration;
			baseConfigurationReference = 5D9F535A370840F8A55F2F95 /* Pods.xcconfig */;
			buildSettings = {
				ALWAYS_SEARCH_USER_PATHS = NO;
				ASSETCATALOG_COMPILER_APPICON_NAME = AppIcon;
				ASSETCATALOG_COMPILER_LAUNCHIMAGE_NAME = LaunchImage;
				CODE_SIGN_IDENTITY = "iPhone Developer";
				"CODE_SIGN_IDENTITY[sdk=iphoneos*]" = "iPhone Developer";
				FRAMEWORK_SEARCH_PATHS = "";
				GCC_PRECOMPILE_PREFIX_HEADER = YES;
				GCC_PREFIX_HEADER = "Fizz/Let's-Prefix.pch";
				HEADER_SEARCH_PATHS = "$(inherited)";
				INFOPLIST_FILE = "Fizz/Let's-Info.plist";
				LIBRARY_SEARCH_PATHS = (
					"$(SRCROOT)/**",
					"$(PROJECT_DIR)/TestFlightSDK3.0.2",
				);
				ONLY_ACTIVE_ARCH = NO;
				OTHER_CFLAGS = "$(inherited)";
				OTHER_LDFLAGS = "-lc++";
				PRODUCT_NAME = "Let's";
				PROVISIONING_PROFILE = "";
				TARGETED_DEVICE_FAMILY = 1;
				USER_HEADER_SEARCH_PATHS = "";
				WRAPPER_EXTENSION = app;
			};
			name = Release;
		};
		49D5C9CC186042C2002BB1F0 /* Debug */ = {
			isa = XCBuildConfiguration;
			buildSettings = {
				BUNDLE_LOADER = "$(BUILT_PRODUCTS_DIR)/Let's.app";
				FRAMEWORK_SEARCH_PATHS = (
					"$(SDKROOT)/Developer/Library/Frameworks",
					"$(inherited)",
					"$(DEVELOPER_FRAMEWORKS_DIR)",
				);
				GCC_PRECOMPILE_PREFIX_HEADER = YES;
				GCC_PREFIX_HEADER = "";
				GCC_PREPROCESSOR_DEFINITIONS = (
					"DEBUG=1",
					"$(inherited)",
				);
				INFOPLIST_FILE = "FizzTests/Let'sTests-Info.plist";
				IPHONEOS_DEPLOYMENT_TARGET = 8.0;
				PRODUCT_NAME = "Let'sTests";
				TEST_HOST = "$(BUNDLE_LOADER)";
				WRAPPER_EXTENSION = xctest;
			};
			name = Debug;
		};
		49D5C9CD186042C2002BB1F0 /* Release */ = {
			isa = XCBuildConfiguration;
			buildSettings = {
				BUNDLE_LOADER = "$(BUILT_PRODUCTS_DIR)/Let's.app";
				FRAMEWORK_SEARCH_PATHS = (
					"$(SDKROOT)/Developer/Library/Frameworks",
					"$(inherited)",
					"$(DEVELOPER_FRAMEWORKS_DIR)",
				);
				GCC_PRECOMPILE_PREFIX_HEADER = YES;
				GCC_PREFIX_HEADER = "";
				INFOPLIST_FILE = "FizzTests/Let'sTests-Info.plist";
				IPHONEOS_DEPLOYMENT_TARGET = 8.0;
				PRODUCT_NAME = "Let'sTests";
				TEST_HOST = "$(BUNDLE_LOADER)";
				WRAPPER_EXTENSION = xctest;
			};
			name = Release;
		};
/* End XCBuildConfiguration section */

/* Begin XCConfigurationList section */
		49D5C997186042C2002BB1F0 /* Build configuration list for PBXProject "Let's" */ = {
			isa = XCConfigurationList;
			buildConfigurations = (
				49D5C9C6186042C2002BB1F0 /* Debug */,
				49D5C9C7186042C2002BB1F0 /* Release */,
			);
			defaultConfigurationIsVisible = 0;
			defaultConfigurationName = Release;
		};
		49D5C9C8186042C2002BB1F0 /* Build configuration list for PBXNativeTarget "Let's" */ = {
			isa = XCConfigurationList;
			buildConfigurations = (
				49D5C9C9186042C2002BB1F0 /* Debug */,
				49D5C9CA186042C2002BB1F0 /* Release */,
			);
			defaultConfigurationIsVisible = 0;
			defaultConfigurationName = Release;
		};
		49D5C9CB186042C2002BB1F0 /* Build configuration list for PBXNativeTarget "Let'sTests" */ = {
			isa = XCConfigurationList;
			buildConfigurations = (
				49D5C9CC186042C2002BB1F0 /* Debug */,
				49D5C9CD186042C2002BB1F0 /* Release */,
			);
			defaultConfigurationIsVisible = 0;
			defaultConfigurationName = Release;
		};
/* End XCConfigurationList section */
	};
	rootObject = 49D5C994186042C2002BB1F0 /* Project object */;
}
